
Microsoft Visual Studio Solution File, Format Version 12.00
# Visual Studio 2012
Project("{2150E333-8FDC-42A3-9474-1A3956D46DE8}") = "DataStructure", "DataStructure", "{06FDB855-A944-4DC3-8120-08D280E26531}"
EndProject
Project("{2150E333-8FDC-42A3-9474-1A3956D46DE8}") = "Test", "Test", "{161C2CC6-CADA-44E5-B31A-9A398A9A748B}"
EndProject
Project("{FAE04EC0-301F-11D3-BF4B-00C04F79EFBC}") = "ArrayString", "DataStructure\ArrayString\ArrayString\ArrayString.csproj", "{63C105C5-C11E-44F4-A323-A609F9B66322}"
EndProject
Project("{FAE04EC0-301F-11D3-BF4B-00C04F79EFBC}") = "AlgTest", "AlgTest\AlgTest.csproj", "{F3E910F4-11A1-4B5D-82D0-B66B7803B803}"
EndProject
Project("{2150E333-8FDC-42A3-9474-1A3956D46DE8}") = "Algorithm", "Algorithm", "{659E4856-2134-45DB-ABEA-AE48B31A0F77}"
EndProject
Project("{FAE04EC0-301F-11D3-BF4B-00C04F79EFBC}") = "BitWise", "Algorithm\BitWise\BitWise.csproj", "{53185AA1-65BE-4BA8-90B6-AF8AA7A3F2FD}"
EndProject
Project("{FAE04EC0-301F-11D3-BF4B-00C04F79EFBC}") = "Tree", "Tree\Tree.csproj", "{CAC5A1CB-9292-44B1-BE96-FB845040E974}"
EndProject
Project("{FAE04EC0-301F-11D3-BF4B-00C04F79EFBC}") = "Infra", "..\Console\Infra\Infra.csproj", "{86CBACC7-F69C-40E5-9233-D87DC11E4C58}"
EndProject
Project("{FAE04EC0-301F-11D3-BF4B-00C04F79EFBC}") = "BaseClass", "..\Console\BaseClass\BaseClass.csproj", "{72068327-586E-4E9C-B1A3-FE93D1D76B12}"
EndProject
Project("{FAE04EC0-301F-11D3-BF4B-00C04F79EFBC}") = "DP", "DP\DP.csproj", "{23622FC0-04C5-4FD4-87DB-8D1848EAA64C}"
EndProject
Project("{FAE04EC0-301F-11D3-BF4B-00C04F79EFBC}") = "BackTracking", "BackTracking\BackTracking.csproj", "{00D94115-6DFC-47E0-9E04-BF29AAFD2150}"
EndProject
Project("{FAE04EC0-301F-11D3-BF4B-00C04F79EFBC}") = "DivideAndConque", "DivideAndConque\DivideAndConque.csproj", "{E0C2CDD2-B873-4D91-B0B2-29CF391F6BFE}"
EndProject
Project("{8BC9CEB8-8B4A-11D0-8D11-00A0C91BC942}") = "SuffixTree", "SuffixTree\SuffixTree.vcxproj", "{296E6D5B-6F06-415E-A2E4-F454604F13F7}"
EndProject
Project("{8BC9CEB8-8B4A-11D0-8D11-00A0C91BC942}") = "ArrayAndString", "ArrayAndString\ArrayAndString.vcxproj", "{DC918543-4937-4EFE-8E5E-3673979CC12F}"
EndProject
Project("{8BC9CEB8-8B4A-11D0-8D11-00A0C91BC942}") = "TreeQuestions", "TreeQuestions\TreeQuestions.vcxproj", "{67476176-8456-4734-A157-2CFEF25783B5}"
EndProject
Project("{8BC9CEB8-8B4A-11D0-8D11-00A0C91BC942}") = "ArrayStringLib", "ArrayStringLib\ArrayStringLib.vcxproj", "{3D990057-144F-4C55-925B-2B762F9C71E9}"
EndProject
Project("{8BC9CEB8-8B4A-11D0-8D11-00A0C91BC942}") = "CppTest", "CppTest\CppTest.vcxproj", "{82D72430-A119-453C-9F21-C41805157496}"
EndProject
Project("{8BC9CEB8-8B4A-11D0-8D11-00A0C91BC942}") = "DPLib", "DPLib\DPLib.vcxproj", "{3221CD70-DDDB-462D-AB0F-CB901E4EAB4F}"
EndProject
Project("{8BC9CEB8-8B4A-11D0-8D11-00A0C91BC942}") = "GraphLib", "GraphLib\GraphLib.vcxproj", "{155186EF-0D82-4C5D-923F-0F110BE193A7}"
EndProject
Project("{8BC9CEB8-8B4A-11D0-8D11-00A0C91BC942}") = "StackQueueLib", "StackQueueLib\StackQueueLib.vcxproj", "{752A77D5-93F8-4C5C-8FA5-6B6B29660646}"
EndProject
Global
	GlobalSection(SolutionConfigurationPlatforms) = preSolution
		Debug|Any CPU = Debug|Any CPU
		Debug|Mixed Platforms = Debug|Mixed Platforms
		Debug|Win32 = Debug|Win32
		Release|Any CPU = Release|Any CPU
		Release|Mixed Platforms = Release|Mixed Platforms
		Release|Win32 = Release|Win32
	EndGlobalSection
	GlobalSection(ProjectConfigurationPlatforms) = postSolution
		{63C105C5-C11E-44F4-A323-A609F9B66322}.Debug|Any CPU.ActiveCfg = Debug|Any CPU
		{63C105C5-C11E-44F4-A323-A609F9B66322}.Debug|Any CPU.Build.0 = Debug|Any CPU
		{63C105C5-C11E-44F4-A323-A609F9B66322}.Debug|Mixed Platforms.ActiveCfg = Debug|Any CPU
		{63C105C5-C11E-44F4-A323-A609F9B66322}.Debug|Mixed Platforms.Build.0 = Debug|Any CPU
		{63C105C5-C11E-44F4-A323-A609F9B66322}.Debug|Win32.ActiveCfg = Debug|Any CPU
		{63C105C5-C11E-44F4-A323-A609F9B66322}.Release|Any CPU.ActiveCfg = Release|Any CPU
		{63C105C5-C11E-44F4-A323-A609F9B66322}.Release|Any CPU.Build.0 = Release|Any CPU
		{63C105C5-C11E-44F4-A323-A609F9B66322}.Release|Mixed Platforms.ActiveCfg = Release|Any CPU
		{63C105C5-C11E-44F4-A323-A609F9B66322}.Release|Mixed Platforms.Build.0 = Release|Any CPU
		{63C105C5-C11E-44F4-A323-A609F9B66322}.Release|Win32.ActiveCfg = Release|Any CPU
		{F3E910F4-11A1-4B5D-82D0-B66B7803B803}.Debug|Any CPU.ActiveCfg = Debug|Any CPU
		{F3E910F4-11A1-4B5D-82D0-B66B7803B803}.Debug|Any CPU.Build.0 = Debug|Any CPU
		{F3E910F4-11A1-4B5D-82D0-B66B7803B803}.Debug|Mixed Platforms.ActiveCfg = Debug|Any CPU
		{F3E910F4-11A1-4B5D-82D0-B66B7803B803}.Debug|Mixed Platforms.Build.0 = Debug|Any CPU
		{F3E910F4-11A1-4B5D-82D0-B66B7803B803}.Debug|Win32.ActiveCfg = Debug|Any CPU
		{F3E910F4-11A1-4B5D-82D0-B66B7803B803}.Release|Any CPU.ActiveCfg = Release|Any CPU
		{F3E910F4-11A1-4B5D-82D0-B66B7803B803}.Release|Any CPU.Build.0 = Release|Any CPU
		{F3E910F4-11A1-4B5D-82D0-B66B7803B803}.Release|Mixed Platforms.ActiveCfg = Release|Any CPU
		{F3E910F4-11A1-4B5D-82D0-B66B7803B803}.Release|Mixed Platforms.Build.0 = Release|Any CPU
		{F3E910F4-11A1-4B5D-82D0-B66B7803B803}.Release|Win32.ActiveCfg = Release|Any CPU
		{53185AA1-65BE-4BA8-90B6-AF8AA7A3F2FD}.Debug|Any CPU.ActiveCfg = Debug|Any CPU
		{53185AA1-65BE-4BA8-90B6-AF8AA7A3F2FD}.Debug|Any CPU.Build.0 = Debug|Any CPU
		{53185AA1-65BE-4BA8-90B6-AF8AA7A3F2FD}.Debug|Mixed Platforms.ActiveCfg = Debug|Any CPU
		{53185AA1-65BE-4BA8-90B6-AF8AA7A3F2FD}.Debug|Mixed Platforms.Build.0 = Debug|Any CPU
		{53185AA1-65BE-4BA8-90B6-AF8AA7A3F2FD}.Debug|Win32.ActiveCfg = Debug|Any CPU
		{53185AA1-65BE-4BA8-90B6-AF8AA7A3F2FD}.Release|Any CPU.ActiveCfg = Release|Any CPU
		{53185AA1-65BE-4BA8-90B6-AF8AA7A3F2FD}.Release|Any CPU.Build.0 = Release|Any CPU
		{53185AA1-65BE-4BA8-90B6-AF8AA7A3F2FD}.Release|Mixed Platforms.ActiveCfg = Release|Any CPU
		{53185AA1-65BE-4BA8-90B6-AF8AA7A3F2FD}.Release|Mixed Platforms.Build.0 = Release|Any CPU
		{53185AA1-65BE-4BA8-90B6-AF8AA7A3F2FD}.Release|Win32.ActiveCfg = Release|Any CPU
		{CAC5A1CB-9292-44B1-BE96-FB845040E974}.Debug|Any CPU.ActiveCfg = Debug|Any CPU
		{CAC5A1CB-9292-44B1-BE96-FB845040E974}.Debug|Any CPU.Build.0 = Debug|Any CPU
		{CAC5A1CB-9292-44B1-BE96-FB845040E974}.Debug|Mixed Platforms.ActiveCfg = Debug|Any CPU
		{CAC5A1CB-9292-44B1-BE96-FB845040E974}.Debug|Mixed Platforms.Build.0 = Debug|Any CPU
		{CAC5A1CB-9292-44B1-BE96-FB845040E974}.Debug|Win32.ActiveCfg = Debug|Any CPU
		{CAC5A1CB-9292-44B1-BE96-FB845040E974}.Release|Any CPU.ActiveCfg = Release|Any CPU
		{CAC5A1CB-9292-44B1-BE96-FB845040E974}.Release|Any CPU.Build.0 = Release|Any CPU
		{CAC5A1CB-9292-44B1-BE96-FB845040E974}.Release|Mixed Platforms.ActiveCfg = Release|Any CPU
		{CAC5A1CB-9292-44B1-BE96-FB845040E974}.Release|Mixed Platforms.Build.0 = Release|Any CPU
		{CAC5A1CB-9292-44B1-BE96-FB845040E974}.Release|Win32.ActiveCfg = Release|Any CPU
		{86CBACC7-F69C-40E5-9233-D87DC11E4C58}.Debug|Any CPU.ActiveCfg = Debug|Any CPU
		{86CBACC7-F69C-40E5-9233-D87DC11E4C58}.Debug|Any CPU.Build.0 = Debug|Any CPU
		{86CBACC7-F69C-40E5-9233-D87DC11E4C58}.Debug|Mixed Platforms.ActiveCfg = Debug|Any CPU
		{86CBACC7-F69C-40E5-9233-D87DC11E4C58}.Debug|Mixed Platforms.Build.0 = Debug|Any CPU
		{86CBACC7-F69C-40E5-9233-D87DC11E4C58}.Debug|Win32.ActiveCfg = Debug|Any CPU
		{86CBACC7-F69C-40E5-9233-D87DC11E4C58}.Release|Any CPU.ActiveCfg = Release|Any CPU
		{86CBACC7-F69C-40E5-9233-D87DC11E4C58}.Release|Any CPU.Build.0 = Release|Any CPU
		{86CBACC7-F69C-40E5-9233-D87DC11E4C58}.Release|Mixed Platforms.ActiveCfg = Release|Any CPU
		{86CBACC7-F69C-40E5-9233-D87DC11E4C58}.Release|Mixed Platforms.Build.0 = Release|Any CPU
		{86CBACC7-F69C-40E5-9233-D87DC11E4C58}.Release|Win32.ActiveCfg = Release|Any CPU
		{72068327-586E-4E9C-B1A3-FE93D1D76B12}.Debug|Any CPU.ActiveCfg = Debug|Any CPU
		{72068327-586E-4E9C-B1A3-FE93D1D76B12}.Debug|Any CPU.Build.0 = Debug|Any CPU
		{72068327-586E-4E9C-B1A3-FE93D1D76B12}.Debug|Mixed Platforms.ActiveCfg = Debug|Any CPU
		{72068327-586E-4E9C-B1A3-FE93D1D76B12}.Debug|Mixed Platforms.Build.0 = Debug|Any CPU
		{72068327-586E-4E9C-B1A3-FE93D1D76B12}.Debug|Win32.ActiveCfg = Debug|Any CPU
		{72068327-586E-4E9C-B1A3-FE93D1D76B12}.Release|Any CPU.ActiveCfg = Release|Any CPU
		{72068327-586E-4E9C-B1A3-FE93D1D76B12}.Release|Any CPU.Build.0 = Release|Any CPU
		{72068327-586E-4E9C-B1A3-FE93D1D76B12}.Release|Mixed Platforms.ActiveCfg = Release|Any CPU
		{72068327-586E-4E9C-B1A3-FE93D1D76B12}.Release|Mixed Platforms.Build.0 = Release|Any CPU
		{72068327-586E-4E9C-B1A3-FE93D1D76B12}.Release|Win32.ActiveCfg = Release|Any CPU
		{23622FC0-04C5-4FD4-87DB-8D1848EAA64C}.Debug|Any CPU.ActiveCfg = Debug|Any CPU
		{23622FC0-04C5-4FD4-87DB-8D1848EAA64C}.Debug|Any CPU.Build.0 = Debug|Any CPU
		{23622FC0-04C5-4FD4-87DB-8D1848EAA64C}.Debug|Mixed Platforms.ActiveCfg = Debug|Any CPU
		{23622FC0-04C5-4FD4-87DB-8D1848EAA64C}.Debug|Mixed Platforms.Build.0 = Debug|Any CPU
		{23622FC0-04C5-4FD4-87DB-8D1848EAA64C}.Debug|Win32.ActiveCfg = Debug|Any CPU
		{23622FC0-04C5-4FD4-87DB-8D1848EAA64C}.Release|Any CPU.ActiveCfg = Release|Any CPU
		{23622FC0-04C5-4FD4-87DB-8D1848EAA64C}.Release|Any CPU.Build.0 = Release|Any CPU
		{23622FC0-04C5-4FD4-87DB-8D1848EAA64C}.Release|Mixed Platforms.ActiveCfg = Release|Any CPU
		{23622FC0-04C5-4FD4-87DB-8D1848EAA64C}.Release|Mixed Platforms.Build.0 = Release|Any CPU
		{23622FC0-04C5-4FD4-87DB-8D1848EAA64C}.Release|Win32.ActiveCfg = Release|Any CPU
		{00D94115-6DFC-47E0-9E04-BF29AAFD2150}.Debug|Any CPU.ActiveCfg = Debug|Any CPU
		{00D94115-6DFC-47E0-9E04-BF29AAFD2150}.Debug|Any CPU.Build.0 = Debug|Any CPU
		{00D94115-6DFC-47E0-9E04-BF29AAFD2150}.Debug|Mixed Platforms.ActiveCfg = Debug|Any CPU
		{00D94115-6DFC-47E0-9E04-BF29AAFD2150}.Debug|Mixed Platforms.Build.0 = Debug|Any CPU
		{00D94115-6DFC-47E0-9E04-BF29AAFD2150}.Debug|Win32.ActiveCfg = Debug|Any CPU
		{00D94115-6DFC-47E0-9E04-BF29AAFD2150}.Release|Any CPU.ActiveCfg = Release|Any CPU
		{00D94115-6DFC-47E0-9E04-BF29AAFD2150}.Release|Any CPU.Build.0 = Release|Any CPU
		{00D94115-6DFC-47E0-9E04-BF29AAFD2150}.Release|Mixed Platforms.ActiveCfg = Release|Any CPU
		{00D94115-6DFC-47E0-9E04-BF29AAFD2150}.Release|Mixed Platforms.Build.0 = Release|Any CPU
		{00D94115-6DFC-47E0-9E04-BF29AAFD2150}.Release|Win32.ActiveCfg = Release|Any CPU
		{E0C2CDD2-B873-4D91-B0B2-29CF391F6BFE}.Debug|Any CPU.ActiveCfg = Debug|Any CPU
		{E0C2CDD2-B873-4D91-B0B2-29CF391F6BFE}.Debug|Any CPU.Build.0 = Debug|Any CPU
		{E0C2CDD2-B873-4D91-B0B2-29CF391F6BFE}.Debug|Mixed Platforms.ActiveCfg = Debug|Any CPU
		{E0C2CDD2-B873-4D91-B0B2-29CF391F6BFE}.Debug|Mixed Platforms.Build.0 = Debug|Any CPU
		{E0C2CDD2-B873-4D91-B0B2-29CF391F6BFE}.Debug|Win32.ActiveCfg = Debug|Any CPU
		{E0C2CDD2-B873-4D91-B0B2-29CF391F6BFE}.Release|Any CPU.ActiveCfg = Release|Any CPU
		{E0C2CDD2-B873-4D91-B0B2-29CF391F6BFE}.Release|Any CPU.Build.0 = Release|Any CPU
		{E0C2CDD2-B873-4D91-B0B2-29CF391F6BFE}.Release|Mixed Platforms.ActiveCfg = Release|Any CPU
		{E0C2CDD2-B873-4D91-B0B2-29CF391F6BFE}.Release|Mixed Platforms.Build.0 = Release|Any CPU
		{E0C2CDD2-B873-4D91-B0B2-29CF391F6BFE}.Release|Win32.ActiveCfg = Release|Any CPU
		{296E6D5B-6F06-415E-A2E4-F454604F13F7}.Debug|Any CPU.ActiveCfg = Debug|Win32
		{296E6D5B-6F06-415E-A2E4-F454604F13F7}.Debug|Any CPU.Build.0 = Debug|Win32
		{296E6D5B-6F06-415E-A2E4-F454604F13F7}.Debug|Mixed Platforms.ActiveCfg = Debug|Win32
		{296E6D5B-6F06-415E-A2E4-F454604F13F7}.Debug|Mixed Platforms.Build.0 = Debug|Win32
		{296E6D5B-6F06-415E-A2E4-F454604F13F7}.Debug|Win32.ActiveCfg = Debug|Win32
		{296E6D5B-6F06-415E-A2E4-F454604F13F7}.Debug|Win32.Build.0 = Debug|Win32
		{296E6D5B-6F06-415E-A2E4-F454604F13F7}.Release|Any CPU.ActiveCfg = Release|Win32
		{296E6D5B-6F06-415E-A2E4-F454604F13F7}.Release|Mixed Platforms.ActiveCfg = Release|Win32
		{296E6D5B-6F06-415E-A2E4-F454604F13F7}.Release|Mixed Platforms.Build.0 = Release|Win32
		{296E6D5B-6F06-415E-A2E4-F454604F13F7}.Release|Win32.ActiveCfg = Release|Win32
		{296E6D5B-6F06-415E-A2E4-F454604F13F7}.Release|Win32.Build.0 = Release|Win32
		{DC918543-4937-4EFE-8E5E-3673979CC12F}.Debug|Any CPU.ActiveCfg = Debug|Win32
		{DC918543-4937-4EFE-8E5E-3673979CC12F}.Debug|Any CPU.Build.0 = Debug|Win32
		{DC918543-4937-4EFE-8E5E-3673979CC12F}.Debug|Mixed Platforms.ActiveCfg = Debug|Win32
		{DC918543-4937-4EFE-8E5E-3673979CC12F}.Debug|Mixed Platforms.Build.0 = Debug|Win32
		{DC918543-4937-4EFE-8E5E-3673979CC12F}.Debug|Win32.ActiveCfg = Debug|Win32
		{DC918543-4937-4EFE-8E5E-3673979CC12F}.Debug|Win32.Build.0 = Debug|Win32
		{DC918543-4937-4EFE-8E5E-3673979CC12F}.Release|Any CPU.ActiveCfg = Release|Win32
		{DC918543-4937-4EFE-8E5E-3673979CC12F}.Release|Mixed Platforms.ActiveCfg = Release|Win32
		{DC918543-4937-4EFE-8E5E-3673979CC12F}.Release|Mixed Platforms.Build.0 = Release|Win32
		{DC918543-4937-4EFE-8E5E-3673979CC12F}.Release|Win32.ActiveCfg = Release|Win32
		{DC918543-4937-4EFE-8E5E-3673979CC12F}.Release|Win32.Build.0 = Release|Win32
		{67476176-8456-4734-A157-2CFEF25783B5}.Debug|Any CPU.ActiveCfg = Debug|Win32
		{67476176-8456-4734-A157-2CFEF25783B5}.Debug|Any CPU.Build.0 = Debug|Win32
		{67476176-8456-4734-A157-2CFEF25783B5}.Debug|Mixed Platforms.ActiveCfg = Debug|Win32
		{67476176-8456-4734-A157-2CFEF25783B5}.Debug|Mixed Platforms.Build.0 = Debug|Win32
		{67476176-8456-4734-A157-2CFEF25783B5}.Debug|Win32.ActiveCfg = Debug|Win32
		{67476176-8456-4734-A157-2CFEF25783B5}.Debug|Win32.Build.0 = Debug|Win32
		{67476176-8456-4734-A157-2CFEF25783B5}.Release|Any CPU.ActiveCfg = Release|Win32
		{67476176-8456-4734-A157-2CFEF25783B5}.Release|Mixed Platforms.ActiveCfg = Release|Win32
		{67476176-8456-4734-A157-2CFEF25783B5}.Release|Mixed Platforms.Build.0 = Release|Win32
		{67476176-8456-4734-A157-2CFEF25783B5}.Release|Win32.ActiveCfg = Release|Win32
		{67476176-8456-4734-A157-2CFEF25783B5}.Release|Win32.Build.0 = Release|Win32
		{3D990057-144F-4C55-925B-2B762F9C71E9}.Debug|Any CPU.ActiveCfg = Debug|Win32
		{3D990057-144F-4C55-925B-2B762F9C71E9}.Debug|Any CPU.Build.0 = Debug|Win32
		{3D990057-144F-4C55-925B-2B762F9C71E9}.Debug|Mixed Platforms.ActiveCfg = Debug|Win32
		{3D990057-144F-4C55-925B-2B762F9C71E9}.Debug|Mixed Platforms.Build.0 = Debug|Win32
		{3D990057-144F-4C55-925B-2B762F9C71E9}.Debug|Win32.ActiveCfg = Debug|Win32
		{3D990057-144F-4C55-925B-2B762F9C71E9}.Debug|Win32.Build.0 = Debug|Win32
		{3D990057-144F-4C55-925B-2B762F9C71E9}.Release|Any CPU.ActiveCfg = Release|Win32
		{3D990057-144F-4C55-925B-2B762F9C71E9}.Release|Mixed Platforms.ActiveCfg = Release|Win32
		{3D990057-144F-4C55-925B-2B762F9C71E9}.Release|Mixed Platforms.Build.0 = Release|Win32
		{3D990057-144F-4C55-925B-2B762F9C71E9}.Release|Win32.ActiveCfg = Release|Win32
		{3D990057-144F-4C55-925B-2B762F9C71E9}.Release|Win32.Build.0 = Release|Win32
		{82D72430-A119-453C-9F21-C41805157496}.Debug|Any CPU.ActiveCfg = Debug|Win32
		{82D72430-A119-453C-9F21-C41805157496}.Debug|Any CPU.Build.0 = Debug|Win32
		{82D72430-A119-453C-9F21-C41805157496}.Debug|Mixed Platforms.ActiveCfg = Debug|Win32
		{82D72430-A119-453C-9F21-C41805157496}.Debug|Mixed Platforms.Build.0 = Debug|Win32
		{82D72430-A119-453C-9F21-C41805157496}.Debug|Win32.ActiveCfg = Debug|Win32
		{82D72430-A119-453C-9F21-C41805157496}.Debug|Win32.Build.0 = Debug|Win32
		{82D72430-A119-453C-9F21-C41805157496}.Release|Any CPU.ActiveCfg = Release|Win32
		{82D72430-A119-453C-9F21-C41805157496}.Release|Mixed Platforms.ActiveCfg = Release|Win32
		{82D72430-A119-453C-9F21-C41805157496}.Release|Mixed Platforms.Build.0 = Release|Win32
		{82D72430-A119-453C-9F21-C41805157496}.Release|Win32.ActiveCfg = Release|Win32
		{82D72430-A119-453C-9F21-C41805157496}.Release|Win32.Build.0 = Release|Win32
		{3221CD70-DDDB-462D-AB0F-CB901E4EAB4F}.Debug|Any CPU.ActiveCfg = Debug|Win32
		{3221CD70-DDDB-462D-AB0F-CB901E4EAB4F}.Debug|Any CPU.Build.0 = Debug|Win32
		{3221CD70-DDDB-462D-AB0F-CB901E4EAB4F}.Debug|Mixed Platforms.ActiveCfg = Debug|Win32
		{3221CD70-DDDB-462D-AB0F-CB901E4EAB4F}.Debug|Mixed Platforms.Build.0 = Debug|Win32
		{3221CD70-DDDB-462D-AB0F-CB901E4EAB4F}.Debug|Win32.ActiveCfg = Debug|Win32
		{3221CD70-DDDB-462D-AB0F-CB901E4EAB4F}.Debug|Win32.Build.0 = Debug|Win32
		{3221CD70-DDDB-462D-AB0F-CB901E4EAB4F}.Release|Any CPU.ActiveCfg = Release|Win32
		{3221CD70-DDDB-462D-AB0F-CB901E4EAB4F}.Release|Mixed Platforms.ActiveCfg = Release|Win32
		{3221CD70-DDDB-462D-AB0F-CB901E4EAB4F}.Release|Mixed Platforms.Build.0 = Release|Win32
		{3221CD70-DDDB-462D-AB0F-CB901E4EAB4F}.Release|Win32.ActiveCfg = Release|Win32
		{3221CD70-DDDB-462D-AB0F-CB901E4EAB4F}.Release|Win32.Build.0 = Release|Win32
		{155186EF-0D82-4C5D-923F-0F110BE193A7}.Debug|Any CPU.ActiveCfg = Debug|Win32
		{155186EF-0D82-4C5D-923F-0F110BE193A7}.Debug|Any CPU.Build.0 = Debug|Win32
		{155186EF-0D82-4C5D-923F-0F110BE193A7}.Debug|Mixed Platforms.ActiveCfg = Debug|Win32
		{155186EF-0D82-4C5D-923F-0F110BE193A7}.Debug|Mixed Platforms.Build.0 = Debug|Win32
		{155186EF-0D82-4C5D-923F-0F110BE193A7}.Debug|Win32.ActiveCfg = Debug|Win32
		{155186EF-0D82-4C5D-923F-0F110BE193A7}.Debug|Win32.Build.0 = Debug|Win32
		{155186EF-0D82-4C5D-923F-0F110BE193A7}.Release|Any CPU.ActiveCfg = Release|Win32
		{155186EF-0D82-4C5D-923F-0F110BE193A7}.Release|Mixed Platforms.ActiveCfg = Release|Win32
		{155186EF-0D82-4C5D-923F-0F110BE193A7}.Release|Mixed Platforms.Build.0 = Release|Win32
		{155186EF-0D82-4C5D-923F-0F110BE193A7}.Release|Win32.ActiveCfg = Release|Win32
		{155186EF-0D82-4C5D-923F-0F110BE193A7}.Release|Win32.Build.0 = Release|Win32
		{752A77D5-93F8-4C5C-8FA5-6B6B29660646}.Debug|Any CPU.ActiveCfg = Debug|Win32
		{752A77D5-93F8-4C5C-8FA5-6B6B29660646}.Debug|Any CPU.Build.0 = Debug|Win32
		{752A77D5-93F8-4C5C-8FA5-6B6B29660646}.Debug|Mixed Platforms.ActiveCfg = Debug|Win32
		{752A77D5-93F8-4C5C-8FA5-6B6B29660646}.Debug|Mixed Platforms.Build.0 = Debug|Win32
		{752A77D5-93F8-4C5C-8FA5-6B6B29660646}.Debug|Win32.ActiveCfg = Debug|Win32
		{752A77D5-93F8-4C5C-8FA5-6B6B29660646}.Debug|Win32.Build.0 = Debug|Win32
		{752A77D5-93F8-4C5C-8FA5-6B6B29660646}.Release|Any CPU.ActiveCfg = Release|Win32
		{752A77D5-93F8-4C5C-8FA5-6B6B29660646}.Release|Mixed Platforms.ActiveCfg = Release|Win32
		{752A77D5-93F8-4C5C-8FA5-6B6B29660646}.Release|Mixed Platforms.Build.0 = Release|Win32
		{752A77D5-93F8-4C5C-8FA5-6B6B29660646}.Release|Win32.ActiveCfg = Release|Win32
		{752A77D5-93F8-4C5C-8FA5-6B6B29660646}.Release|Win32.Build.0 = Release|Win32
	EndGlobalSection
	GlobalSection(SolutionProperties) = preSolution
		HideSolutionNode = FALSE
	EndGlobalSection
	GlobalSection(NestedProjects) = preSolution
		{63C105C5-C11E-44F4-A323-A609F9B66322} = {06FDB855-A944-4DC3-8120-08D280E26531}
		{CAC5A1CB-9292-44B1-BE96-FB845040E974} = {06FDB855-A944-4DC3-8120-08D280E26531}
		{86CBACC7-F69C-40E5-9233-D87DC11E4C58} = {06FDB855-A944-4DC3-8120-08D280E26531}
		{72068327-586E-4E9C-B1A3-FE93D1D76B12} = {06FDB855-A944-4DC3-8120-08D280E26531}
		{296E6D5B-6F06-415E-A2E4-F454604F13F7} = {06FDB855-A944-4DC3-8120-08D280E26531}
		{DC918543-4937-4EFE-8E5E-3673979CC12F} = {06FDB855-A944-4DC3-8120-08D280E26531}
		{67476176-8456-4734-A157-2CFEF25783B5} = {06FDB855-A944-4DC3-8120-08D280E26531}
		{3D990057-144F-4C55-925B-2B762F9C71E9} = {06FDB855-A944-4DC3-8120-08D280E26531}
		{155186EF-0D82-4C5D-923F-0F110BE193A7} = {06FDB855-A944-4DC3-8120-08D280E26531}
		{752A77D5-93F8-4C5C-8FA5-6B6B29660646} = {06FDB855-A944-4DC3-8120-08D280E26531}
		{F3E910F4-11A1-4B5D-82D0-B66B7803B803} = {161C2CC6-CADA-44E5-B31A-9A398A9A748B}
		{82D72430-A119-453C-9F21-C41805157496} = {161C2CC6-CADA-44E5-B31A-9A398A9A748B}
		{53185AA1-65BE-4BA8-90B6-AF8AA7A3F2FD} = {659E4856-2134-45DB-ABEA-AE48B31A0F77}
		{23622FC0-04C5-4FD4-87DB-8D1848EAA64C} = {659E4856-2134-45DB-ABEA-AE48B31A0F77}
		{00D94115-6DFC-47E0-9E04-BF29AAFD2150} = {659E4856-2134-45DB-ABEA-AE48B31A0F77}
		{E0C2CDD2-B873-4D91-B0B2-29CF391F6BFE} = {659E4856-2134-45DB-ABEA-AE48B31A0F77}
		{3221CD70-DDDB-462D-AB0F-CB901E4EAB4F} = {659E4856-2134-45DB-ABEA-AE48B31A0F77}
	EndGlobalSection
EndGlobal
