
Microsoft Visual Studio Solution File, Format Version 12.00
# Visual Studio 2012
Project("{FAE04EC0-301F-11D3-BF4B-00C04F79EFBC}") = "console", "3sum\console.csproj", "{EE098393-B22D-4040-9978-E55B7D69EE6E}"
EndProject
Project("{FAE04EC0-301F-11D3-BF4B-00C04F79EFBC}") = "Infra", "Infra\Infra.csproj", "{86CBACC7-F69C-40E5-9233-D87DC11E4C58}"
EndProject
Project("{FAE04EC0-301F-11D3-BF4B-00C04F79EFBC}") = "ConsoleTestProj", "ConsoleTestProj\ConsoleTestProj.csproj", "{4BA4002A-D436-4550-8BB0-7C141BC74518}"
EndProject
Project("{2150E333-8FDC-42A3-9474-1A3956D46DE8}") = "Solution Items", "Solution Items", "{1D0F086D-AEF3-4531-92C5-E4FDC9FB6AAC}"
	ProjectSection(SolutionItems) = preProject
		3sum.vsmdi = 3sum.vsmdi
		Local.testsettings = Local.testsettings
		TraceAndTestImpact.testsettings = TraceAndTestImpact.testsettings
	EndProjectSection
EndProject
Project("{FAE04EC0-301F-11D3-BF4B-00C04F79EFBC}") = "Console2", "Console2\Console2.csproj", "{2BE90B28-4A5C-4A72-87BD-54CB03B89FD2}"
EndProject
Project("{FAE04EC0-301F-11D3-BF4B-00C04F79EFBC}") = "CareerCup150", "CareerCup150\CareerCup150.csproj", "{6DF999C9-7E86-414A-9CC6-6792DAF23F80}"
EndProject
Project("{FAE04EC0-301F-11D3-BF4B-00C04F79EFBC}") = "CareerCupTest", "CareerCupTest\CareerCupTest.csproj", "{9B765618-10B7-4DB3-A366-7300598FCC12}"
EndProject
Project("{FAE04EC0-301F-11D3-BF4B-00C04F79EFBC}") = "MicrosoftQuestions", "MicrosoftQuestions\MicrosoftQuestions.csproj", "{B5793B5D-6CEC-40F4-8375-E6A6A6581D03}"
EndProject
Project("{FAE04EC0-301F-11D3-BF4B-00C04F79EFBC}") = "MIcrosoftQuestionTest", "MIcrosoftQuestionTest\MIcrosoftQuestionTest.csproj", "{988ECC7B-DD99-40B4-8AC5-00EC9D344DDC}"
EndProject
Project("{FAE04EC0-301F-11D3-BF4B-00C04F79EFBC}") = "FaceBookQuestions", "FaceBookQuestions\FaceBookQuestions.csproj", "{F4F56B46-9996-4521-B01A-8DD215D5D22B}"
EndProject
Project("{FAE04EC0-301F-11D3-BF4B-00C04F79EFBC}") = "AmazonQuestion", "AmazonQuestion.cs\AmazonQuestion.csproj", "{85A80F8A-4DD2-48ED-8556-F59FDE9746D0}"
EndProject
Project("{FAE04EC0-301F-11D3-BF4B-00C04F79EFBC}") = "OtherQuestions", "OtherQuestions.cs\OtherQuestions.csproj", "{44407097-B1A3-4143-938E-94A2C308C1BC}"
EndProject
Project("{FAE04EC0-301F-11D3-BF4B-00C04F79EFBC}") = "OtherQuestionsTest", "OtherQuestionsTest\OtherQuestionsTest.csproj", "{CCB1C59D-D181-44A8-89BB-C8BFBAD511B6}"
EndProject
Project("{FAE04EC0-301F-11D3-BF4B-00C04F79EFBC}") = "FacebookQuestionTest", "FacebookQuestionTest\FacebookQuestionTest.csproj", "{D0C386C3-E8F4-45F7-8168-62DE4F9F1D72}"
EndProject
Project("{FAE04EC0-301F-11D3-BF4B-00C04F79EFBC}") = "AmazonQuestionTest", "AmazonQuestionTest\AmazonQuestionTest.csproj", "{B9810F5D-9AAB-4EF9-A2A4-65F6BF2CA455}"
EndProject
Project("{FAE04EC0-301F-11D3-BF4B-00C04F79EFBC}") = "AlgorithmsChapter1", "AlgorithmsChapter1\AlgorithmsChapter1.csproj", "{588DDB2C-9216-4218-B0CA-008ED820536E}"
EndProject
Project("{2150E333-8FDC-42A3-9474-1A3956D46DE8}") = "Algorithms", "Algorithms", "{1386584B-F9BB-4929-BFBC-FF1B4A229DFB}"
EndProject
Project("{FAE04EC0-301F-11D3-BF4B-00C04F79EFBC}") = "AlgorithmTest", "AlgorithmTest\AlgorithmTest.csproj", "{43E12594-B08D-485B-BA7F-897EAB58D089}"
EndProject
Project("{FAE04EC0-301F-11D3-BF4B-00C04F79EFBC}") = "GoogleQuestions", "GoogleQuestions\GoogleQuestions.csproj", "{FAB9199F-A627-476F-9EA9-630C2F36D7E7}"
EndProject
Project("{FAE04EC0-301F-11D3-BF4B-00C04F79EFBC}") = "GoogleQuestionTest", "GoogleQuestionTest\GoogleQuestionTest.csproj", "{AFFD6A22-D9A5-4FD4-BA7F-301E4DB89CE7}"
EndProject
Project("{8BC9CEB8-8B4A-11D0-8D11-00A0C91BC942}") = "CountInversion", "CountInversion\CountInversion.vcxproj", "{9EA135C0-D827-4DBB-902E-6C21877D87E4}"
EndProject
Project("{2150E333-8FDC-42A3-9474-1A3956D46DE8}") = "CLRS", "CLRS", "{7C13FE69-5FBD-413B-8F58-BE7AEEC8F9D8}"
EndProject
Project("{FAE04EC0-301F-11D3-BF4B-00C04F79EFBC}") = "BaseClass", "BaseClass\BaseClass.csproj", "{72068327-586E-4E9C-B1A3-FE93D1D76B12}"
EndProject
Project("{FAE04EC0-301F-11D3-BF4B-00C04F79EFBC}") = "Chapter22", "Chapter22\Chapter22.csproj", "{71A3894D-E512-4AA1-A9B9-2FEFA1C01ED1}"
EndProject
Project("{FAE04EC0-301F-11D3-BF4B-00C04F79EFBC}") = "CLRSTest", "CLRSTest\CLRSTest.csproj", "{BE5047E6-5E7E-470C-8EC3-C64225D086F6}"
EndProject
Project("{FAE04EC0-301F-11D3-BF4B-00C04F79EFBC}") = "AlgorithmsChapter3", "AlgorithmChapter3\AlgorithmsChapter3.csproj", "{E3529A3A-EF9C-4423-A051-C89101E9DC19}"
EndProject
Project("{2150E333-8FDC-42A3-9474-1A3956D46DE8}") = "GeeksForGeeks", "GeeksForGeeks", "{23D5EFCC-A0F1-401C-B78B-1E81E2AFFBAE}"
EndProject
Project("{8BC9CEB8-8B4A-11D0-8D11-00A0C91BC942}") = "CountTheWords", "CountTheWords\CountTheWords.vcxproj", "{B350FF8D-E743-4FCE-9970-C86CEC0E1546}"
EndProject
Project("{8BC9CEB8-8B4A-11D0-8D11-00A0C91BC942}") = "Lis", "Lis\Lis.vcxproj", "{DD1EE3E8-1359-4273-937B-E3CEC613C3B5}"
EndProject
Project("{8BC9CEB8-8B4A-11D0-8D11-00A0C91BC942}") = "MS_Interview_15", "MS_Interview_15\MS_Interview_15.vcxproj", "{AB7E3B20-8A58-4587-83B5-F8C33E768B6F}"
EndProject
Project("{2150E333-8FDC-42A3-9474-1A3956D46DE8}") = "TopCoder", "TopCoder", "{0BB32F28-17DB-497F-A333-4657FC729F53}"
EndProject
Project("{FAE04EC0-301F-11D3-BF4B-00C04F79EFBC}") = "2013 TCO Algorithm Round 1A - Division I, Level One", "TopCoder\2013 TCO Algorithm Round 1A - Division I, Level One\2013 TCO Algorithm Round 1A - Division I, Level One.csproj", "{211F59B9-82E7-49BB-9E18-0F29DF6049F4}"
EndProject
Project("{FAE04EC0-301F-11D3-BF4B-00C04F79EFBC}") = "TopCoderTest", "TopCoder\TopCoderTest\TopCoderTest.csproj", "{F2D967E9-BDAD-463A-AD9C-A5E39EE65498}"
EndProject
Project("{FAE04EC0-301F-11D3-BF4B-00C04F79EFBC}") = "TopCoder_SRM_571", "TopCoder_SRM_571\TopCoder_SRM_571.csproj", "{D0BE9340-6527-473C-8E1D-2A8C4C8E637B}"
EndProject
Project("{2150E333-8FDC-42A3-9474-1A3956D46DE8}") = "AdvancedDataStructure", "AdvancedDataStructure", "{9EFF99DC-24BF-478B-B16B-5311414FF5B8}"
EndProject
Project("{8BC9CEB8-8B4A-11D0-8D11-00A0C91BC942}") = "SegmentTree", "SegmentTree\SegmentTree.vcxproj", "{8571F121-9025-4232-A6A4-65AB4295D064}"
EndProject
Project("{8BC9CEB8-8B4A-11D0-8D11-00A0C91BC942}") = "Trie", "Trie\Trie.vcxproj", "{F2291379-EA72-42E7-AFDD-341EEF4D815C}"
EndProject
Project("{FAE04EC0-301F-11D3-BF4B-00C04F79EFBC}") = "InfraTest", "InfraTest\InfraTest.csproj", "{E7BC74AB-61A5-45D1-A694-88393A735A12}"
EndProject
Project("{FAE04EC0-301F-11D3-BF4B-00C04F79EFBC}") = "LeetCodes", "LeetCodes\LeetCodes.csproj", "{405FA775-BB03-434A-AFEE-FD6470732312}"
EndProject
Project("{FAE04EC0-301F-11D3-BF4B-00C04F79EFBC}") = "LeetCodesTest", "LeetCodesTest\LeetCodesTest.csproj", "{70C93900-2211-4523-A9FA-232D9728234D}"
EndProject
Project("{2150E333-8FDC-42A3-9474-1A3956D46DE8}") = "HackerRank", "HackerRank", "{A68BBDDF-D20F-4BDE-8774-CE58009F5577}"
EndProject
Project("{FAE04EC0-301F-11D3-BF4B-00C04F79EFBC}") = "SinglePlayer", "SinglePlayer\SinglePlayer.csproj", "{A08FBEB1-6EB8-44A4-81E3-14F7224B1385}"
EndProject
Project("{FAE04EC0-301F-11D3-BF4B-00C04F79EFBC}") = "HardSingleProblem", "HardSingleProblem\HardSingleProblem.csproj", "{7A196035-6593-4FC5-B8D4-C3DE424E78E1}"
EndProject
Project("{FAE04EC0-301F-11D3-BF4B-00C04F79EFBC}") = "HackerRankTest", "HackerRankTest\HackerRankTest.csproj", "{D712B240-79C4-4EA9-8D76-864BBC05FE2D}"
EndProject
Project("{FAE04EC0-301F-11D3-BF4B-00C04F79EFBC}") = "AlgorithmChallenges", "AlgorithmChallenges\AlgorithmChallenges.csproj", "{01CCEE0A-A2F1-4E28-9DB0-5748157B4401}"
EndProject
Project("{FAE04EC0-301F-11D3-BF4B-00C04F79EFBC}") = "Strings", "Strings\Strings.csproj", "{85A2D75A-A1E5-4034-B341-66E560D44E54}"
EndProject
Project("{2150E333-8FDC-42A3-9474-1A3956D46DE8}") = "LeetCode", "LeetCode", "{0F6CA474-3A17-49C6-AD2B-57E7FB1532D7}"
EndProject
Project("{8BC9CEB8-8B4A-11D0-8D11-00A0C91BC942}") = "FindKthSmallest", "FindKthSmallest\FindKthSmallest.vcxproj", "{B42B3866-BC8D-4CFA-9B8B-C85546A94252}"
EndProject
Project("{2150E333-8FDC-42A3-9474-1A3956D46DE8}") = "AlgorithmOnline", "AlgorithmOnline", "{F5D898DC-1728-4BE9-994C-2EB3F93D8EF3}"
EndProject
Project("{FAE04EC0-301F-11D3-BF4B-00C04F79EFBC}") = "WeeklyQuestions", "WeeklyQuestions\WeeklyQuestions.csproj", "{B04D32C0-2772-48C3-89A1-5B36F5FC0999}"
EndProject
Project("{FAE04EC0-301F-11D3-BF4B-00C04F79EFBC}") = "WeeklyQuestionTest", "WeeklyQuestionTest\WeeklyQuestionTest.csproj", "{F0F879D2-8C8C-4ABE-A9BB-8E0EF8C6FECC}"
EndProject
Project("{FAE04EC0-301F-11D3-BF4B-00C04F79EFBC}") = "LeetCodeCSharp", "LeetCodeCSharp\LeetCodeCSharp.csproj", "{39E32356-109A-45C1-BC1A-1DBA20E14A41}"
EndProject
Project("{FAE04EC0-301F-11D3-BF4B-00C04F79EFBC}") = "LeetCodeCsharpTest", "LeetCodeCsharpTest\LeetCodeCsharpTest.csproj", "{811A4C3E-B4E8-47EC-B784-F3C0254C3808}"
EndProject
Project("{FAE04EC0-301F-11D3-BF4B-00C04F79EFBC}") = "ReadWriteLock", "ReadWriteLock\ReadWriteLock.csproj", "{BDACA4BC-90C9-4E70-A452-1ED41AD02C8F}"
EndProject
Project("{FAE04EC0-301F-11D3-BF4B-00C04F79EFBC}") = "OOD", "OOD\OOD.csproj", "{DD302DE2-4DE8-45DA-B50C-45B82F9BAEF4}"
EndProject
Global
	GlobalSection(TestCaseManagementSettings) = postSolution
		CategoryFile = 3sum.vsmdi
	EndGlobalSection
	GlobalSection(SolutionConfigurationPlatforms) = preSolution
		Debug|Any CPU = Debug|Any CPU
		Debug|Mixed Platforms = Debug|Mixed Platforms
		Debug|Win32 = Debug|Win32
		Debug|x86 = Debug|x86
		Release|Any CPU = Release|Any CPU
		Release|Mixed Platforms = Release|Mixed Platforms
		Release|Win32 = Release|Win32
		Release|x86 = Release|x86
	EndGlobalSection
	GlobalSection(ProjectConfigurationPlatforms) = postSolution
		{EE098393-B22D-4040-9978-E55B7D69EE6E}.Debug|Any CPU.ActiveCfg = Debug|x86
		{EE098393-B22D-4040-9978-E55B7D69EE6E}.Debug|Mixed Platforms.ActiveCfg = Debug|x86
		{EE098393-B22D-4040-9978-E55B7D69EE6E}.Debug|Mixed Platforms.Build.0 = Debug|x86
		{EE098393-B22D-4040-9978-E55B7D69EE6E}.Debug|Win32.ActiveCfg = Debug|x86
		{EE098393-B22D-4040-9978-E55B7D69EE6E}.Debug|x86.ActiveCfg = Debug|x86
		{EE098393-B22D-4040-9978-E55B7D69EE6E}.Debug|x86.Build.0 = Debug|x86
		{EE098393-B22D-4040-9978-E55B7D69EE6E}.Release|Any CPU.ActiveCfg = Release|x86
		{EE098393-B22D-4040-9978-E55B7D69EE6E}.Release|Mixed Platforms.ActiveCfg = Release|x86
		{EE098393-B22D-4040-9978-E55B7D69EE6E}.Release|Mixed Platforms.Build.0 = Release|x86
		{EE098393-B22D-4040-9978-E55B7D69EE6E}.Release|Win32.ActiveCfg = Release|x86
		{EE098393-B22D-4040-9978-E55B7D69EE6E}.Release|x86.ActiveCfg = Release|x86
		{EE098393-B22D-4040-9978-E55B7D69EE6E}.Release|x86.Build.0 = Release|x86
		{86CBACC7-F69C-40E5-9233-D87DC11E4C58}.Debug|Any CPU.ActiveCfg = Debug|Any CPU
		{86CBACC7-F69C-40E5-9233-D87DC11E4C58}.Debug|Any CPU.Build.0 = Debug|Any CPU
		{86CBACC7-F69C-40E5-9233-D87DC11E4C58}.Debug|Mixed Platforms.ActiveCfg = Debug|Any CPU
		{86CBACC7-F69C-40E5-9233-D87DC11E4C58}.Debug|Mixed Platforms.Build.0 = Debug|Any CPU
		{86CBACC7-F69C-40E5-9233-D87DC11E4C58}.Debug|Win32.ActiveCfg = Debug|Any CPU
		{86CBACC7-F69C-40E5-9233-D87DC11E4C58}.Debug|x86.ActiveCfg = Debug|Any CPU
		{86CBACC7-F69C-40E5-9233-D87DC11E4C58}.Release|Any CPU.ActiveCfg = Release|Any CPU
		{86CBACC7-F69C-40E5-9233-D87DC11E4C58}.Release|Any CPU.Build.0 = Release|Any CPU
		{86CBACC7-F69C-40E5-9233-D87DC11E4C58}.Release|Mixed Platforms.ActiveCfg = Release|Any CPU
		{86CBACC7-F69C-40E5-9233-D87DC11E4C58}.Release|Mixed Platforms.Build.0 = Release|Any CPU
		{86CBACC7-F69C-40E5-9233-D87DC11E4C58}.Release|Win32.ActiveCfg = Release|Any CPU
		{86CBACC7-F69C-40E5-9233-D87DC11E4C58}.Release|x86.ActiveCfg = Release|Any CPU
		{4BA4002A-D436-4550-8BB0-7C141BC74518}.Debug|Any CPU.ActiveCfg = Debug|Any CPU
		{4BA4002A-D436-4550-8BB0-7C141BC74518}.Debug|Any CPU.Build.0 = Debug|Any CPU
		{4BA4002A-D436-4550-8BB0-7C141BC74518}.Debug|Mixed Platforms.ActiveCfg = Debug|Any CPU
		{4BA4002A-D436-4550-8BB0-7C141BC74518}.Debug|Mixed Platforms.Build.0 = Debug|Any CPU
		{4BA4002A-D436-4550-8BB0-7C141BC74518}.Debug|Win32.ActiveCfg = Debug|Any CPU
		{4BA4002A-D436-4550-8BB0-7C141BC74518}.Debug|x86.ActiveCfg = Debug|Any CPU
		{4BA4002A-D436-4550-8BB0-7C141BC74518}.Release|Any CPU.ActiveCfg = Release|Any CPU
		{4BA4002A-D436-4550-8BB0-7C141BC74518}.Release|Any CPU.Build.0 = Release|Any CPU
		{4BA4002A-D436-4550-8BB0-7C141BC74518}.Release|Mixed Platforms.ActiveCfg = Release|Any CPU
		{4BA4002A-D436-4550-8BB0-7C141BC74518}.Release|Mixed Platforms.Build.0 = Release|Any CPU
		{4BA4002A-D436-4550-8BB0-7C141BC74518}.Release|Win32.ActiveCfg = Release|Any CPU
		{4BA4002A-D436-4550-8BB0-7C141BC74518}.Release|x86.ActiveCfg = Release|Any CPU
		{2BE90B28-4A5C-4A72-87BD-54CB03B89FD2}.Debug|Any CPU.ActiveCfg = Debug|Any CPU
		{2BE90B28-4A5C-4A72-87BD-54CB03B89FD2}.Debug|Any CPU.Build.0 = Debug|Any CPU
		{2BE90B28-4A5C-4A72-87BD-54CB03B89FD2}.Debug|Mixed Platforms.ActiveCfg = Debug|Any CPU
		{2BE90B28-4A5C-4A72-87BD-54CB03B89FD2}.Debug|Mixed Platforms.Build.0 = Debug|Any CPU
		{2BE90B28-4A5C-4A72-87BD-54CB03B89FD2}.Debug|Win32.ActiveCfg = Debug|Any CPU
		{2BE90B28-4A5C-4A72-87BD-54CB03B89FD2}.Debug|x86.ActiveCfg = Debug|Any CPU
		{2BE90B28-4A5C-4A72-87BD-54CB03B89FD2}.Release|Any CPU.ActiveCfg = Release|Any CPU
		{2BE90B28-4A5C-4A72-87BD-54CB03B89FD2}.Release|Any CPU.Build.0 = Release|Any CPU
		{2BE90B28-4A5C-4A72-87BD-54CB03B89FD2}.Release|Mixed Platforms.ActiveCfg = Release|Any CPU
		{2BE90B28-4A5C-4A72-87BD-54CB03B89FD2}.Release|Mixed Platforms.Build.0 = Release|Any CPU
		{2BE90B28-4A5C-4A72-87BD-54CB03B89FD2}.Release|Win32.ActiveCfg = Release|Any CPU
		{2BE90B28-4A5C-4A72-87BD-54CB03B89FD2}.Release|x86.ActiveCfg = Release|Any CPU
		{6DF999C9-7E86-414A-9CC6-6792DAF23F80}.Debug|Any CPU.ActiveCfg = Debug|Any CPU
		{6DF999C9-7E86-414A-9CC6-6792DAF23F80}.Debug|Any CPU.Build.0 = Debug|Any CPU
		{6DF999C9-7E86-414A-9CC6-6792DAF23F80}.Debug|Mixed Platforms.ActiveCfg = Debug|Any CPU
		{6DF999C9-7E86-414A-9CC6-6792DAF23F80}.Debug|Mixed Platforms.Build.0 = Debug|Any CPU
		{6DF999C9-7E86-414A-9CC6-6792DAF23F80}.Debug|Win32.ActiveCfg = Debug|Any CPU
		{6DF999C9-7E86-414A-9CC6-6792DAF23F80}.Debug|x86.ActiveCfg = Debug|Any CPU
		{6DF999C9-7E86-414A-9CC6-6792DAF23F80}.Release|Any CPU.ActiveCfg = Release|Any CPU
		{6DF999C9-7E86-414A-9CC6-6792DAF23F80}.Release|Any CPU.Build.0 = Release|Any CPU
		{6DF999C9-7E86-414A-9CC6-6792DAF23F80}.Release|Mixed Platforms.ActiveCfg = Release|Any CPU
		{6DF999C9-7E86-414A-9CC6-6792DAF23F80}.Release|Mixed Platforms.Build.0 = Release|Any CPU
		{6DF999C9-7E86-414A-9CC6-6792DAF23F80}.Release|Win32.ActiveCfg = Release|Any CPU
		{6DF999C9-7E86-414A-9CC6-6792DAF23F80}.Release|x86.ActiveCfg = Release|Any CPU
		{9B765618-10B7-4DB3-A366-7300598FCC12}.Debug|Any CPU.ActiveCfg = Debug|Any CPU
		{9B765618-10B7-4DB3-A366-7300598FCC12}.Debug|Any CPU.Build.0 = Debug|Any CPU
		{9B765618-10B7-4DB3-A366-7300598FCC12}.Debug|Mixed Platforms.ActiveCfg = Debug|Any CPU
		{9B765618-10B7-4DB3-A366-7300598FCC12}.Debug|Mixed Platforms.Build.0 = Debug|Any CPU
		{9B765618-10B7-4DB3-A366-7300598FCC12}.Debug|Win32.ActiveCfg = Debug|Any CPU
		{9B765618-10B7-4DB3-A366-7300598FCC12}.Debug|x86.ActiveCfg = Debug|Any CPU
		{9B765618-10B7-4DB3-A366-7300598FCC12}.Release|Any CPU.ActiveCfg = Release|Any CPU
		{9B765618-10B7-4DB3-A366-7300598FCC12}.Release|Any CPU.Build.0 = Release|Any CPU
		{9B765618-10B7-4DB3-A366-7300598FCC12}.Release|Mixed Platforms.ActiveCfg = Release|Any CPU
		{9B765618-10B7-4DB3-A366-7300598FCC12}.Release|Mixed Platforms.Build.0 = Release|Any CPU
		{9B765618-10B7-4DB3-A366-7300598FCC12}.Release|Win32.ActiveCfg = Release|Any CPU
		{9B765618-10B7-4DB3-A366-7300598FCC12}.Release|x86.ActiveCfg = Release|Any CPU
		{B5793B5D-6CEC-40F4-8375-E6A6A6581D03}.Debug|Any CPU.ActiveCfg = Debug|Any CPU
		{B5793B5D-6CEC-40F4-8375-E6A6A6581D03}.Debug|Any CPU.Build.0 = Debug|Any CPU
		{B5793B5D-6CEC-40F4-8375-E6A6A6581D03}.Debug|Mixed Platforms.ActiveCfg = Debug|Any CPU
		{B5793B5D-6CEC-40F4-8375-E6A6A6581D03}.Debug|Mixed Platforms.Build.0 = Debug|Any CPU
		{B5793B5D-6CEC-40F4-8375-E6A6A6581D03}.Debug|Win32.ActiveCfg = Debug|Any CPU
		{B5793B5D-6CEC-40F4-8375-E6A6A6581D03}.Debug|x86.ActiveCfg = Debug|Any CPU
		{B5793B5D-6CEC-40F4-8375-E6A6A6581D03}.Release|Any CPU.ActiveCfg = Release|Any CPU
		{B5793B5D-6CEC-40F4-8375-E6A6A6581D03}.Release|Any CPU.Build.0 = Release|Any CPU
		{B5793B5D-6CEC-40F4-8375-E6A6A6581D03}.Release|Mixed Platforms.ActiveCfg = Release|Any CPU
		{B5793B5D-6CEC-40F4-8375-E6A6A6581D03}.Release|Mixed Platforms.Build.0 = Release|Any CPU
		{B5793B5D-6CEC-40F4-8375-E6A6A6581D03}.Release|Win32.ActiveCfg = Release|Any CPU
		{B5793B5D-6CEC-40F4-8375-E6A6A6581D03}.Release|x86.ActiveCfg = Release|Any CPU
		{988ECC7B-DD99-40B4-8AC5-00EC9D344DDC}.Debug|Any CPU.ActiveCfg = Debug|Any CPU
		{988ECC7B-DD99-40B4-8AC5-00EC9D344DDC}.Debug|Any CPU.Build.0 = Debug|Any CPU
		{988ECC7B-DD99-40B4-8AC5-00EC9D344DDC}.Debug|Mixed Platforms.ActiveCfg = Debug|Any CPU
		{988ECC7B-DD99-40B4-8AC5-00EC9D344DDC}.Debug|Mixed Platforms.Build.0 = Debug|Any CPU
		{988ECC7B-DD99-40B4-8AC5-00EC9D344DDC}.Debug|Win32.ActiveCfg = Debug|Any CPU
		{988ECC7B-DD99-40B4-8AC5-00EC9D344DDC}.Debug|x86.ActiveCfg = Debug|Any CPU
		{988ECC7B-DD99-40B4-8AC5-00EC9D344DDC}.Release|Any CPU.ActiveCfg = Release|Any CPU
		{988ECC7B-DD99-40B4-8AC5-00EC9D344DDC}.Release|Any CPU.Build.0 = Release|Any CPU
		{988ECC7B-DD99-40B4-8AC5-00EC9D344DDC}.Release|Mixed Platforms.ActiveCfg = Release|Any CPU
		{988ECC7B-DD99-40B4-8AC5-00EC9D344DDC}.Release|Mixed Platforms.Build.0 = Release|Any CPU
		{988ECC7B-DD99-40B4-8AC5-00EC9D344DDC}.Release|Win32.ActiveCfg = Release|Any CPU
		{988ECC7B-DD99-40B4-8AC5-00EC9D344DDC}.Release|x86.ActiveCfg = Release|Any CPU
		{F4F56B46-9996-4521-B01A-8DD215D5D22B}.Debug|Any CPU.ActiveCfg = Debug|Any CPU
		{F4F56B46-9996-4521-B01A-8DD215D5D22B}.Debug|Any CPU.Build.0 = Debug|Any CPU
		{F4F56B46-9996-4521-B01A-8DD215D5D22B}.Debug|Mixed Platforms.ActiveCfg = Debug|Any CPU
		{F4F56B46-9996-4521-B01A-8DD215D5D22B}.Debug|Mixed Platforms.Build.0 = Debug|Any CPU
		{F4F56B46-9996-4521-B01A-8DD215D5D22B}.Debug|Win32.ActiveCfg = Debug|Any CPU
		{F4F56B46-9996-4521-B01A-8DD215D5D22B}.Debug|x86.ActiveCfg = Debug|Any CPU
		{F4F56B46-9996-4521-B01A-8DD215D5D22B}.Release|Any CPU.ActiveCfg = Release|Any CPU
		{F4F56B46-9996-4521-B01A-8DD215D5D22B}.Release|Any CPU.Build.0 = Release|Any CPU
		{F4F56B46-9996-4521-B01A-8DD215D5D22B}.Release|Mixed Platforms.ActiveCfg = Release|Any CPU
		{F4F56B46-9996-4521-B01A-8DD215D5D22B}.Release|Mixed Platforms.Build.0 = Release|Any CPU
		{F4F56B46-9996-4521-B01A-8DD215D5D22B}.Release|Win32.ActiveCfg = Release|Any CPU
		{F4F56B46-9996-4521-B01A-8DD215D5D22B}.Release|x86.ActiveCfg = Release|Any CPU
		{85A80F8A-4DD2-48ED-8556-F59FDE9746D0}.Debug|Any CPU.ActiveCfg = Debug|Any CPU
		{85A80F8A-4DD2-48ED-8556-F59FDE9746D0}.Debug|Any CPU.Build.0 = Debug|Any CPU
		{85A80F8A-4DD2-48ED-8556-F59FDE9746D0}.Debug|Mixed Platforms.ActiveCfg = Debug|Any CPU
		{85A80F8A-4DD2-48ED-8556-F59FDE9746D0}.Debug|Mixed Platforms.Build.0 = Debug|Any CPU
		{85A80F8A-4DD2-48ED-8556-F59FDE9746D0}.Debug|Win32.ActiveCfg = Debug|Any CPU
		{85A80F8A-4DD2-48ED-8556-F59FDE9746D0}.Debug|x86.ActiveCfg = Debug|Any CPU
		{85A80F8A-4DD2-48ED-8556-F59FDE9746D0}.Release|Any CPU.ActiveCfg = Release|Any CPU
		{85A80F8A-4DD2-48ED-8556-F59FDE9746D0}.Release|Any CPU.Build.0 = Release|Any CPU
		{85A80F8A-4DD2-48ED-8556-F59FDE9746D0}.Release|Mixed Platforms.ActiveCfg = Release|Any CPU
		{85A80F8A-4DD2-48ED-8556-F59FDE9746D0}.Release|Mixed Platforms.Build.0 = Release|Any CPU
		{85A80F8A-4DD2-48ED-8556-F59FDE9746D0}.Release|Win32.ActiveCfg = Release|Any CPU
		{85A80F8A-4DD2-48ED-8556-F59FDE9746D0}.Release|x86.ActiveCfg = Release|Any CPU
		{44407097-B1A3-4143-938E-94A2C308C1BC}.Debug|Any CPU.ActiveCfg = Debug|Any CPU
		{44407097-B1A3-4143-938E-94A2C308C1BC}.Debug|Any CPU.Build.0 = Debug|Any CPU
		{44407097-B1A3-4143-938E-94A2C308C1BC}.Debug|Mixed Platforms.ActiveCfg = Debug|Any CPU
		{44407097-B1A3-4143-938E-94A2C308C1BC}.Debug|Mixed Platforms.Build.0 = Debug|Any CPU
		{44407097-B1A3-4143-938E-94A2C308C1BC}.Debug|Win32.ActiveCfg = Debug|Any CPU
		{44407097-B1A3-4143-938E-94A2C308C1BC}.Debug|x86.ActiveCfg = Debug|Any CPU
		{44407097-B1A3-4143-938E-94A2C308C1BC}.Release|Any CPU.ActiveCfg = Release|Any CPU
		{44407097-B1A3-4143-938E-94A2C308C1BC}.Release|Any CPU.Build.0 = Release|Any CPU
		{44407097-B1A3-4143-938E-94A2C308C1BC}.Release|Mixed Platforms.ActiveCfg = Release|Any CPU
		{44407097-B1A3-4143-938E-94A2C308C1BC}.Release|Mixed Platforms.Build.0 = Release|Any CPU
		{44407097-B1A3-4143-938E-94A2C308C1BC}.Release|Win32.ActiveCfg = Release|Any CPU
		{44407097-B1A3-4143-938E-94A2C308C1BC}.Release|x86.ActiveCfg = Release|Any CPU
		{CCB1C59D-D181-44A8-89BB-C8BFBAD511B6}.Debug|Any CPU.ActiveCfg = Debug|Any CPU
		{CCB1C59D-D181-44A8-89BB-C8BFBAD511B6}.Debug|Any CPU.Build.0 = Debug|Any CPU
		{CCB1C59D-D181-44A8-89BB-C8BFBAD511B6}.Debug|Mixed Platforms.ActiveCfg = Debug|Any CPU
		{CCB1C59D-D181-44A8-89BB-C8BFBAD511B6}.Debug|Mixed Platforms.Build.0 = Debug|Any CPU
		{CCB1C59D-D181-44A8-89BB-C8BFBAD511B6}.Debug|Win32.ActiveCfg = Debug|Any CPU
		{CCB1C59D-D181-44A8-89BB-C8BFBAD511B6}.Debug|x86.ActiveCfg = Debug|Any CPU
		{CCB1C59D-D181-44A8-89BB-C8BFBAD511B6}.Release|Any CPU.ActiveCfg = Release|Any CPU
		{CCB1C59D-D181-44A8-89BB-C8BFBAD511B6}.Release|Any CPU.Build.0 = Release|Any CPU
		{CCB1C59D-D181-44A8-89BB-C8BFBAD511B6}.Release|Mixed Platforms.ActiveCfg = Release|Any CPU
		{CCB1C59D-D181-44A8-89BB-C8BFBAD511B6}.Release|Mixed Platforms.Build.0 = Release|Any CPU
		{CCB1C59D-D181-44A8-89BB-C8BFBAD511B6}.Release|Win32.ActiveCfg = Release|Any CPU
		{CCB1C59D-D181-44A8-89BB-C8BFBAD511B6}.Release|x86.ActiveCfg = Release|Any CPU
		{D0C386C3-E8F4-45F7-8168-62DE4F9F1D72}.Debug|Any CPU.ActiveCfg = Debug|Any CPU
		{D0C386C3-E8F4-45F7-8168-62DE4F9F1D72}.Debug|Any CPU.Build.0 = Debug|Any CPU
		{D0C386C3-E8F4-45F7-8168-62DE4F9F1D72}.Debug|Mixed Platforms.ActiveCfg = Debug|Any CPU
		{D0C386C3-E8F4-45F7-8168-62DE4F9F1D72}.Debug|Mixed Platforms.Build.0 = Debug|Any CPU
		{D0C386C3-E8F4-45F7-8168-62DE4F9F1D72}.Debug|Win32.ActiveCfg = Debug|Any CPU
		{D0C386C3-E8F4-45F7-8168-62DE4F9F1D72}.Debug|x86.ActiveCfg = Debug|Any CPU
		{D0C386C3-E8F4-45F7-8168-62DE4F9F1D72}.Release|Any CPU.ActiveCfg = Release|Any CPU
		{D0C386C3-E8F4-45F7-8168-62DE4F9F1D72}.Release|Any CPU.Build.0 = Release|Any CPU
		{D0C386C3-E8F4-45F7-8168-62DE4F9F1D72}.Release|Mixed Platforms.ActiveCfg = Release|Any CPU
		{D0C386C3-E8F4-45F7-8168-62DE4F9F1D72}.Release|Mixed Platforms.Build.0 = Release|Any CPU
		{D0C386C3-E8F4-45F7-8168-62DE4F9F1D72}.Release|Win32.ActiveCfg = Release|Any CPU
		{D0C386C3-E8F4-45F7-8168-62DE4F9F1D72}.Release|x86.ActiveCfg = Release|Any CPU
		{B9810F5D-9AAB-4EF9-A2A4-65F6BF2CA455}.Debug|Any CPU.ActiveCfg = Debug|Any CPU
		{B9810F5D-9AAB-4EF9-A2A4-65F6BF2CA455}.Debug|Any CPU.Build.0 = Debug|Any CPU
		{B9810F5D-9AAB-4EF9-A2A4-65F6BF2CA455}.Debug|Mixed Platforms.ActiveCfg = Debug|Any CPU
		{B9810F5D-9AAB-4EF9-A2A4-65F6BF2CA455}.Debug|Mixed Platforms.Build.0 = Debug|Any CPU
		{B9810F5D-9AAB-4EF9-A2A4-65F6BF2CA455}.Debug|Win32.ActiveCfg = Debug|Any CPU
		{B9810F5D-9AAB-4EF9-A2A4-65F6BF2CA455}.Debug|x86.ActiveCfg = Debug|Any CPU
		{B9810F5D-9AAB-4EF9-A2A4-65F6BF2CA455}.Release|Any CPU.ActiveCfg = Release|Any CPU
		{B9810F5D-9AAB-4EF9-A2A4-65F6BF2CA455}.Release|Any CPU.Build.0 = Release|Any CPU
		{B9810F5D-9AAB-4EF9-A2A4-65F6BF2CA455}.Release|Mixed Platforms.ActiveCfg = Release|Any CPU
		{B9810F5D-9AAB-4EF9-A2A4-65F6BF2CA455}.Release|Mixed Platforms.Build.0 = Release|Any CPU
		{B9810F5D-9AAB-4EF9-A2A4-65F6BF2CA455}.Release|Win32.ActiveCfg = Release|Any CPU
		{B9810F5D-9AAB-4EF9-A2A4-65F6BF2CA455}.Release|x86.ActiveCfg = Release|Any CPU
		{588DDB2C-9216-4218-B0CA-008ED820536E}.Debug|Any CPU.ActiveCfg = Debug|Any CPU
		{588DDB2C-9216-4218-B0CA-008ED820536E}.Debug|Any CPU.Build.0 = Debug|Any CPU
		{588DDB2C-9216-4218-B0CA-008ED820536E}.Debug|Mixed Platforms.ActiveCfg = Debug|Any CPU
		{588DDB2C-9216-4218-B0CA-008ED820536E}.Debug|Mixed Platforms.Build.0 = Debug|Any CPU
		{588DDB2C-9216-4218-B0CA-008ED820536E}.Debug|Win32.ActiveCfg = Debug|Any CPU
		{588DDB2C-9216-4218-B0CA-008ED820536E}.Debug|x86.ActiveCfg = Debug|Any CPU
		{588DDB2C-9216-4218-B0CA-008ED820536E}.Release|Any CPU.ActiveCfg = Release|Any CPU
		{588DDB2C-9216-4218-B0CA-008ED820536E}.Release|Any CPU.Build.0 = Release|Any CPU
		{588DDB2C-9216-4218-B0CA-008ED820536E}.Release|Mixed Platforms.ActiveCfg = Release|Any CPU
		{588DDB2C-9216-4218-B0CA-008ED820536E}.Release|Mixed Platforms.Build.0 = Release|Any CPU
		{588DDB2C-9216-4218-B0CA-008ED820536E}.Release|Win32.ActiveCfg = Release|Any CPU
		{588DDB2C-9216-4218-B0CA-008ED820536E}.Release|x86.ActiveCfg = Release|Any CPU
		{43E12594-B08D-485B-BA7F-897EAB58D089}.Debug|Any CPU.ActiveCfg = Debug|Any CPU
		{43E12594-B08D-485B-BA7F-897EAB58D089}.Debug|Any CPU.Build.0 = Debug|Any CPU
		{43E12594-B08D-485B-BA7F-897EAB58D089}.Debug|Mixed Platforms.ActiveCfg = Debug|Any CPU
		{43E12594-B08D-485B-BA7F-897EAB58D089}.Debug|Mixed Platforms.Build.0 = Debug|Any CPU
		{43E12594-B08D-485B-BA7F-897EAB58D089}.Debug|Win32.ActiveCfg = Debug|Any CPU
		{43E12594-B08D-485B-BA7F-897EAB58D089}.Debug|x86.ActiveCfg = Debug|Any CPU
		{43E12594-B08D-485B-BA7F-897EAB58D089}.Release|Any CPU.ActiveCfg = Release|Any CPU
		{43E12594-B08D-485B-BA7F-897EAB58D089}.Release|Any CPU.Build.0 = Release|Any CPU
		{43E12594-B08D-485B-BA7F-897EAB58D089}.Release|Mixed Platforms.ActiveCfg = Release|Any CPU
		{43E12594-B08D-485B-BA7F-897EAB58D089}.Release|Mixed Platforms.Build.0 = Release|Any CPU
		{43E12594-B08D-485B-BA7F-897EAB58D089}.Release|Win32.ActiveCfg = Release|Any CPU
		{43E12594-B08D-485B-BA7F-897EAB58D089}.Release|x86.ActiveCfg = Release|Any CPU
		{FAB9199F-A627-476F-9EA9-630C2F36D7E7}.Debug|Any CPU.ActiveCfg = Debug|Any CPU
		{FAB9199F-A627-476F-9EA9-630C2F36D7E7}.Debug|Any CPU.Build.0 = Debug|Any CPU
		{FAB9199F-A627-476F-9EA9-630C2F36D7E7}.Debug|Mixed Platforms.ActiveCfg = Debug|Any CPU
		{FAB9199F-A627-476F-9EA9-630C2F36D7E7}.Debug|Mixed Platforms.Build.0 = Debug|Any CPU
		{FAB9199F-A627-476F-9EA9-630C2F36D7E7}.Debug|Win32.ActiveCfg = Debug|Any CPU
		{FAB9199F-A627-476F-9EA9-630C2F36D7E7}.Debug|x86.ActiveCfg = Debug|Any CPU
		{FAB9199F-A627-476F-9EA9-630C2F36D7E7}.Release|Any CPU.ActiveCfg = Release|Any CPU
		{FAB9199F-A627-476F-9EA9-630C2F36D7E7}.Release|Any CPU.Build.0 = Release|Any CPU
		{FAB9199F-A627-476F-9EA9-630C2F36D7E7}.Release|Mixed Platforms.ActiveCfg = Release|Any CPU
		{FAB9199F-A627-476F-9EA9-630C2F36D7E7}.Release|Mixed Platforms.Build.0 = Release|Any CPU
		{FAB9199F-A627-476F-9EA9-630C2F36D7E7}.Release|Win32.ActiveCfg = Release|Any CPU
		{FAB9199F-A627-476F-9EA9-630C2F36D7E7}.Release|x86.ActiveCfg = Release|Any CPU
		{AFFD6A22-D9A5-4FD4-BA7F-301E4DB89CE7}.Debug|Any CPU.ActiveCfg = Debug|Any CPU
		{AFFD6A22-D9A5-4FD4-BA7F-301E4DB89CE7}.Debug|Any CPU.Build.0 = Debug|Any CPU
		{AFFD6A22-D9A5-4FD4-BA7F-301E4DB89CE7}.Debug|Mixed Platforms.ActiveCfg = Debug|Any CPU
		{AFFD6A22-D9A5-4FD4-BA7F-301E4DB89CE7}.Debug|Mixed Platforms.Build.0 = Debug|Any CPU
		{AFFD6A22-D9A5-4FD4-BA7F-301E4DB89CE7}.Debug|Win32.ActiveCfg = Debug|Any CPU
		{AFFD6A22-D9A5-4FD4-BA7F-301E4DB89CE7}.Debug|x86.ActiveCfg = Debug|Any CPU
		{AFFD6A22-D9A5-4FD4-BA7F-301E4DB89CE7}.Release|Any CPU.ActiveCfg = Release|Any CPU
		{AFFD6A22-D9A5-4FD4-BA7F-301E4DB89CE7}.Release|Any CPU.Build.0 = Release|Any CPU
		{AFFD6A22-D9A5-4FD4-BA7F-301E4DB89CE7}.Release|Mixed Platforms.ActiveCfg = Release|Any CPU
		{AFFD6A22-D9A5-4FD4-BA7F-301E4DB89CE7}.Release|Mixed Platforms.Build.0 = Release|Any CPU
		{AFFD6A22-D9A5-4FD4-BA7F-301E4DB89CE7}.Release|Win32.ActiveCfg = Release|Any CPU
		{AFFD6A22-D9A5-4FD4-BA7F-301E4DB89CE7}.Release|x86.ActiveCfg = Release|Any CPU
		{9EA135C0-D827-4DBB-902E-6C21877D87E4}.Debug|Any CPU.ActiveCfg = Debug|Win32
		{9EA135C0-D827-4DBB-902E-6C21877D87E4}.Debug|Mixed Platforms.ActiveCfg = Debug|Win32
		{9EA135C0-D827-4DBB-902E-6C21877D87E4}.Debug|Mixed Platforms.Build.0 = Debug|Win32
		{9EA135C0-D827-4DBB-902E-6C21877D87E4}.Debug|Win32.ActiveCfg = Debug|Win32
		{9EA135C0-D827-4DBB-902E-6C21877D87E4}.Debug|Win32.Build.0 = Debug|Win32
		{9EA135C0-D827-4DBB-902E-6C21877D87E4}.Debug|x86.ActiveCfg = Debug|Win32
		{9EA135C0-D827-4DBB-902E-6C21877D87E4}.Debug|x86.Build.0 = Debug|Win32
		{9EA135C0-D827-4DBB-902E-6C21877D87E4}.Release|Any CPU.ActiveCfg = Release|Win32
		{9EA135C0-D827-4DBB-902E-6C21877D87E4}.Release|Mixed Platforms.ActiveCfg = Release|Win32
		{9EA135C0-D827-4DBB-902E-6C21877D87E4}.Release|Mixed Platforms.Build.0 = Release|Win32
		{9EA135C0-D827-4DBB-902E-6C21877D87E4}.Release|Win32.ActiveCfg = Release|Win32
		{9EA135C0-D827-4DBB-902E-6C21877D87E4}.Release|Win32.Build.0 = Release|Win32
		{9EA135C0-D827-4DBB-902E-6C21877D87E4}.Release|x86.ActiveCfg = Release|Win32
		{9EA135C0-D827-4DBB-902E-6C21877D87E4}.Release|x86.Build.0 = Release|Win32
		{72068327-586E-4E9C-B1A3-FE93D1D76B12}.Debug|Any CPU.ActiveCfg = Debug|Any CPU
		{72068327-586E-4E9C-B1A3-FE93D1D76B12}.Debug|Any CPU.Build.0 = Debug|Any CPU
		{72068327-586E-4E9C-B1A3-FE93D1D76B12}.Debug|Mixed Platforms.ActiveCfg = Debug|Any CPU
		{72068327-586E-4E9C-B1A3-FE93D1D76B12}.Debug|Mixed Platforms.Build.0 = Debug|Any CPU
		{72068327-586E-4E9C-B1A3-FE93D1D76B12}.Debug|Win32.ActiveCfg = Debug|Any CPU
		{72068327-586E-4E9C-B1A3-FE93D1D76B12}.Debug|x86.ActiveCfg = Debug|Any CPU
		{72068327-586E-4E9C-B1A3-FE93D1D76B12}.Release|Any CPU.ActiveCfg = Release|Any CPU
		{72068327-586E-4E9C-B1A3-FE93D1D76B12}.Release|Any CPU.Build.0 = Release|Any CPU
		{72068327-586E-4E9C-B1A3-FE93D1D76B12}.Release|Mixed Platforms.ActiveCfg = Release|Any CPU
		{72068327-586E-4E9C-B1A3-FE93D1D76B12}.Release|Mixed Platforms.Build.0 = Release|Any CPU
		{72068327-586E-4E9C-B1A3-FE93D1D76B12}.Release|Win32.ActiveCfg = Release|Any CPU
		{72068327-586E-4E9C-B1A3-FE93D1D76B12}.Release|x86.ActiveCfg = Release|Any CPU
		{71A3894D-E512-4AA1-A9B9-2FEFA1C01ED1}.Debug|Any CPU.ActiveCfg = Debug|Any CPU
		{71A3894D-E512-4AA1-A9B9-2FEFA1C01ED1}.Debug|Any CPU.Build.0 = Debug|Any CPU
		{71A3894D-E512-4AA1-A9B9-2FEFA1C01ED1}.Debug|Mixed Platforms.ActiveCfg = Debug|Any CPU
		{71A3894D-E512-4AA1-A9B9-2FEFA1C01ED1}.Debug|Mixed Platforms.Build.0 = Debug|Any CPU
		{71A3894D-E512-4AA1-A9B9-2FEFA1C01ED1}.Debug|Win32.ActiveCfg = Debug|Any CPU
		{71A3894D-E512-4AA1-A9B9-2FEFA1C01ED1}.Debug|x86.ActiveCfg = Debug|Any CPU
		{71A3894D-E512-4AA1-A9B9-2FEFA1C01ED1}.Release|Any CPU.ActiveCfg = Release|Any CPU
		{71A3894D-E512-4AA1-A9B9-2FEFA1C01ED1}.Release|Any CPU.Build.0 = Release|Any CPU
		{71A3894D-E512-4AA1-A9B9-2FEFA1C01ED1}.Release|Mixed Platforms.ActiveCfg = Release|Any CPU
		{71A3894D-E512-4AA1-A9B9-2FEFA1C01ED1}.Release|Mixed Platforms.Build.0 = Release|Any CPU
		{71A3894D-E512-4AA1-A9B9-2FEFA1C01ED1}.Release|Win32.ActiveCfg = Release|Any CPU
		{71A3894D-E512-4AA1-A9B9-2FEFA1C01ED1}.Release|x86.ActiveCfg = Release|Any CPU
		{BE5047E6-5E7E-470C-8EC3-C64225D086F6}.Debug|Any CPU.ActiveCfg = Debug|Any CPU
		{BE5047E6-5E7E-470C-8EC3-C64225D086F6}.Debug|Any CPU.Build.0 = Debug|Any CPU
		{BE5047E6-5E7E-470C-8EC3-C64225D086F6}.Debug|Mixed Platforms.ActiveCfg = Debug|Any CPU
		{BE5047E6-5E7E-470C-8EC3-C64225D086F6}.Debug|Mixed Platforms.Build.0 = Debug|Any CPU
		{BE5047E6-5E7E-470C-8EC3-C64225D086F6}.Debug|Win32.ActiveCfg = Debug|Any CPU
		{BE5047E6-5E7E-470C-8EC3-C64225D086F6}.Debug|x86.ActiveCfg = Debug|Any CPU
		{BE5047E6-5E7E-470C-8EC3-C64225D086F6}.Release|Any CPU.ActiveCfg = Release|Any CPU
		{BE5047E6-5E7E-470C-8EC3-C64225D086F6}.Release|Any CPU.Build.0 = Release|Any CPU
		{BE5047E6-5E7E-470C-8EC3-C64225D086F6}.Release|Mixed Platforms.ActiveCfg = Release|Any CPU
		{BE5047E6-5E7E-470C-8EC3-C64225D086F6}.Release|Mixed Platforms.Build.0 = Release|Any CPU
		{BE5047E6-5E7E-470C-8EC3-C64225D086F6}.Release|Win32.ActiveCfg = Release|Any CPU
		{BE5047E6-5E7E-470C-8EC3-C64225D086F6}.Release|x86.ActiveCfg = Release|Any CPU
		{E3529A3A-EF9C-4423-A051-C89101E9DC19}.Debug|Any CPU.ActiveCfg = Debug|Any CPU
		{E3529A3A-EF9C-4423-A051-C89101E9DC19}.Debug|Any CPU.Build.0 = Debug|Any CPU
		{E3529A3A-EF9C-4423-A051-C89101E9DC19}.Debug|Mixed Platforms.ActiveCfg = Debug|Any CPU
		{E3529A3A-EF9C-4423-A051-C89101E9DC19}.Debug|Mixed Platforms.Build.0 = Debug|Any CPU
		{E3529A3A-EF9C-4423-A051-C89101E9DC19}.Debug|Win32.ActiveCfg = Debug|Any CPU
		{E3529A3A-EF9C-4423-A051-C89101E9DC19}.Debug|x86.ActiveCfg = Debug|Any CPU
		{E3529A3A-EF9C-4423-A051-C89101E9DC19}.Release|Any CPU.ActiveCfg = Release|Any CPU
		{E3529A3A-EF9C-4423-A051-C89101E9DC19}.Release|Any CPU.Build.0 = Release|Any CPU
		{E3529A3A-EF9C-4423-A051-C89101E9DC19}.Release|Mixed Platforms.ActiveCfg = Release|Any CPU
		{E3529A3A-EF9C-4423-A051-C89101E9DC19}.Release|Mixed Platforms.Build.0 = Release|Any CPU
		{E3529A3A-EF9C-4423-A051-C89101E9DC19}.Release|Win32.ActiveCfg = Release|Any CPU
		{E3529A3A-EF9C-4423-A051-C89101E9DC19}.Release|x86.ActiveCfg = Release|Any CPU
		{B350FF8D-E743-4FCE-9970-C86CEC0E1546}.Debug|Any CPU.ActiveCfg = Debug|Win32
		{B350FF8D-E743-4FCE-9970-C86CEC0E1546}.Debug|Mixed Platforms.ActiveCfg = Debug|Win32
		{B350FF8D-E743-4FCE-9970-C86CEC0E1546}.Debug|Mixed Platforms.Build.0 = Debug|Win32
		{B350FF8D-E743-4FCE-9970-C86CEC0E1546}.Debug|Win32.ActiveCfg = Debug|Win32
		{B350FF8D-E743-4FCE-9970-C86CEC0E1546}.Debug|Win32.Build.0 = Debug|Win32
		{B350FF8D-E743-4FCE-9970-C86CEC0E1546}.Debug|x86.ActiveCfg = Debug|Win32
		{B350FF8D-E743-4FCE-9970-C86CEC0E1546}.Debug|x86.Build.0 = Debug|Win32
		{B350FF8D-E743-4FCE-9970-C86CEC0E1546}.Release|Any CPU.ActiveCfg = Release|Win32
		{B350FF8D-E743-4FCE-9970-C86CEC0E1546}.Release|Mixed Platforms.ActiveCfg = Release|Win32
		{B350FF8D-E743-4FCE-9970-C86CEC0E1546}.Release|Mixed Platforms.Build.0 = Release|Win32
		{B350FF8D-E743-4FCE-9970-C86CEC0E1546}.Release|Win32.ActiveCfg = Release|Win32
		{B350FF8D-E743-4FCE-9970-C86CEC0E1546}.Release|Win32.Build.0 = Release|Win32
		{B350FF8D-E743-4FCE-9970-C86CEC0E1546}.Release|x86.ActiveCfg = Release|Win32
		{B350FF8D-E743-4FCE-9970-C86CEC0E1546}.Release|x86.Build.0 = Release|Win32
		{DD1EE3E8-1359-4273-937B-E3CEC613C3B5}.Debug|Any CPU.ActiveCfg = Debug|Win32
		{DD1EE3E8-1359-4273-937B-E3CEC613C3B5}.Debug|Mixed Platforms.ActiveCfg = Debug|Win32
		{DD1EE3E8-1359-4273-937B-E3CEC613C3B5}.Debug|Mixed Platforms.Build.0 = Debug|Win32
		{DD1EE3E8-1359-4273-937B-E3CEC613C3B5}.Debug|Win32.ActiveCfg = Debug|Win32
		{DD1EE3E8-1359-4273-937B-E3CEC613C3B5}.Debug|Win32.Build.0 = Debug|Win32
		{DD1EE3E8-1359-4273-937B-E3CEC613C3B5}.Debug|x86.ActiveCfg = Debug|Win32
		{DD1EE3E8-1359-4273-937B-E3CEC613C3B5}.Debug|x86.Build.0 = Debug|Win32
		{DD1EE3E8-1359-4273-937B-E3CEC613C3B5}.Release|Any CPU.ActiveCfg = Release|Win32
		{DD1EE3E8-1359-4273-937B-E3CEC613C3B5}.Release|Mixed Platforms.ActiveCfg = Release|Win32
		{DD1EE3E8-1359-4273-937B-E3CEC613C3B5}.Release|Mixed Platforms.Build.0 = Release|Win32
		{DD1EE3E8-1359-4273-937B-E3CEC613C3B5}.Release|Win32.ActiveCfg = Release|Win32
		{DD1EE3E8-1359-4273-937B-E3CEC613C3B5}.Release|Win32.Build.0 = Release|Win32
		{DD1EE3E8-1359-4273-937B-E3CEC613C3B5}.Release|x86.ActiveCfg = Release|Win32
		{DD1EE3E8-1359-4273-937B-E3CEC613C3B5}.Release|x86.Build.0 = Release|Win32
		{AB7E3B20-8A58-4587-83B5-F8C33E768B6F}.Debug|Any CPU.ActiveCfg = Debug|Win32
		{AB7E3B20-8A58-4587-83B5-F8C33E768B6F}.Debug|Mixed Platforms.ActiveCfg = Debug|Win32
		{AB7E3B20-8A58-4587-83B5-F8C33E768B6F}.Debug|Mixed Platforms.Build.0 = Debug|Win32
		{AB7E3B20-8A58-4587-83B5-F8C33E768B6F}.Debug|Win32.ActiveCfg = Debug|Win32
		{AB7E3B20-8A58-4587-83B5-F8C33E768B6F}.Debug|Win32.Build.0 = Debug|Win32
		{AB7E3B20-8A58-4587-83B5-F8C33E768B6F}.Debug|x86.ActiveCfg = Debug|Win32
		{AB7E3B20-8A58-4587-83B5-F8C33E768B6F}.Debug|x86.Build.0 = Debug|Win32
		{AB7E3B20-8A58-4587-83B5-F8C33E768B6F}.Release|Any CPU.ActiveCfg = Release|Win32
		{AB7E3B20-8A58-4587-83B5-F8C33E768B6F}.Release|Mixed Platforms.ActiveCfg = Release|Win32
		{AB7E3B20-8A58-4587-83B5-F8C33E768B6F}.Release|Mixed Platforms.Build.0 = Release|Win32
		{AB7E3B20-8A58-4587-83B5-F8C33E768B6F}.Release|Win32.ActiveCfg = Release|Win32
		{AB7E3B20-8A58-4587-83B5-F8C33E768B6F}.Release|Win32.Build.0 = Release|Win32
		{AB7E3B20-8A58-4587-83B5-F8C33E768B6F}.Release|x86.ActiveCfg = Release|Win32
		{AB7E3B20-8A58-4587-83B5-F8C33E768B6F}.Release|x86.Build.0 = Release|Win32
		{211F59B9-82E7-49BB-9E18-0F29DF6049F4}.Debug|Any CPU.ActiveCfg = Debug|Any CPU
		{211F59B9-82E7-49BB-9E18-0F29DF6049F4}.Debug|Any CPU.Build.0 = Debug|Any CPU
		{211F59B9-82E7-49BB-9E18-0F29DF6049F4}.Debug|Mixed Platforms.ActiveCfg = Debug|Any CPU
		{211F59B9-82E7-49BB-9E18-0F29DF6049F4}.Debug|Mixed Platforms.Build.0 = Debug|Any CPU
		{211F59B9-82E7-49BB-9E18-0F29DF6049F4}.Debug|Win32.ActiveCfg = Debug|Any CPU
		{211F59B9-82E7-49BB-9E18-0F29DF6049F4}.Debug|x86.ActiveCfg = Debug|Any CPU
		{211F59B9-82E7-49BB-9E18-0F29DF6049F4}.Release|Any CPU.ActiveCfg = Release|Any CPU
		{211F59B9-82E7-49BB-9E18-0F29DF6049F4}.Release|Any CPU.Build.0 = Release|Any CPU
		{211F59B9-82E7-49BB-9E18-0F29DF6049F4}.Release|Mixed Platforms.ActiveCfg = Release|Any CPU
		{211F59B9-82E7-49BB-9E18-0F29DF6049F4}.Release|Mixed Platforms.Build.0 = Release|Any CPU
		{211F59B9-82E7-49BB-9E18-0F29DF6049F4}.Release|Win32.ActiveCfg = Release|Any CPU
		{211F59B9-82E7-49BB-9E18-0F29DF6049F4}.Release|x86.ActiveCfg = Release|Any CPU
		{F2D967E9-BDAD-463A-AD9C-A5E39EE65498}.Debug|Any CPU.ActiveCfg = Debug|Any CPU
		{F2D967E9-BDAD-463A-AD9C-A5E39EE65498}.Debug|Any CPU.Build.0 = Debug|Any CPU
		{F2D967E9-BDAD-463A-AD9C-A5E39EE65498}.Debug|Mixed Platforms.ActiveCfg = Debug|Any CPU
		{F2D967E9-BDAD-463A-AD9C-A5E39EE65498}.Debug|Mixed Platforms.Build.0 = Debug|Any CPU
		{F2D967E9-BDAD-463A-AD9C-A5E39EE65498}.Debug|Win32.ActiveCfg = Debug|Any CPU
		{F2D967E9-BDAD-463A-AD9C-A5E39EE65498}.Debug|x86.ActiveCfg = Debug|Any CPU
		{F2D967E9-BDAD-463A-AD9C-A5E39EE65498}.Release|Any CPU.ActiveCfg = Release|Any CPU
		{F2D967E9-BDAD-463A-AD9C-A5E39EE65498}.Release|Any CPU.Build.0 = Release|Any CPU
		{F2D967E9-BDAD-463A-AD9C-A5E39EE65498}.Release|Mixed Platforms.ActiveCfg = Release|Any CPU
		{F2D967E9-BDAD-463A-AD9C-A5E39EE65498}.Release|Mixed Platforms.Build.0 = Release|Any CPU
		{F2D967E9-BDAD-463A-AD9C-A5E39EE65498}.Release|Win32.ActiveCfg = Release|Any CPU
		{F2D967E9-BDAD-463A-AD9C-A5E39EE65498}.Release|x86.ActiveCfg = Release|Any CPU
		{D0BE9340-6527-473C-8E1D-2A8C4C8E637B}.Debug|Any CPU.ActiveCfg = Debug|Any CPU
		{D0BE9340-6527-473C-8E1D-2A8C4C8E637B}.Debug|Any CPU.Build.0 = Debug|Any CPU
		{D0BE9340-6527-473C-8E1D-2A8C4C8E637B}.Debug|Mixed Platforms.ActiveCfg = Debug|Any CPU
		{D0BE9340-6527-473C-8E1D-2A8C4C8E637B}.Debug|Mixed Platforms.Build.0 = Debug|Any CPU
		{D0BE9340-6527-473C-8E1D-2A8C4C8E637B}.Debug|Win32.ActiveCfg = Debug|Any CPU
		{D0BE9340-6527-473C-8E1D-2A8C4C8E637B}.Debug|x86.ActiveCfg = Debug|Any CPU
		{D0BE9340-6527-473C-8E1D-2A8C4C8E637B}.Release|Any CPU.ActiveCfg = Release|Any CPU
		{D0BE9340-6527-473C-8E1D-2A8C4C8E637B}.Release|Any CPU.Build.0 = Release|Any CPU
		{D0BE9340-6527-473C-8E1D-2A8C4C8E637B}.Release|Mixed Platforms.ActiveCfg = Release|Any CPU
		{D0BE9340-6527-473C-8E1D-2A8C4C8E637B}.Release|Mixed Platforms.Build.0 = Release|Any CPU
		{D0BE9340-6527-473C-8E1D-2A8C4C8E637B}.Release|Win32.ActiveCfg = Release|Any CPU
		{D0BE9340-6527-473C-8E1D-2A8C4C8E637B}.Release|x86.ActiveCfg = Release|Any CPU
		{8571F121-9025-4232-A6A4-65AB4295D064}.Debug|Any CPU.ActiveCfg = Debug|Win32
		{8571F121-9025-4232-A6A4-65AB4295D064}.Debug|Mixed Platforms.ActiveCfg = Debug|Win32
		{8571F121-9025-4232-A6A4-65AB4295D064}.Debug|Mixed Platforms.Build.0 = Debug|Win32
		{8571F121-9025-4232-A6A4-65AB4295D064}.Debug|Win32.ActiveCfg = Debug|Win32
		{8571F121-9025-4232-A6A4-65AB4295D064}.Debug|Win32.Build.0 = Debug|Win32
		{8571F121-9025-4232-A6A4-65AB4295D064}.Debug|x86.ActiveCfg = Debug|Win32
		{8571F121-9025-4232-A6A4-65AB4295D064}.Debug|x86.Build.0 = Debug|Win32
		{8571F121-9025-4232-A6A4-65AB4295D064}.Release|Any CPU.ActiveCfg = Release|Win32
		{8571F121-9025-4232-A6A4-65AB4295D064}.Release|Mixed Platforms.ActiveCfg = Release|Win32
		{8571F121-9025-4232-A6A4-65AB4295D064}.Release|Mixed Platforms.Build.0 = Release|Win32
		{8571F121-9025-4232-A6A4-65AB4295D064}.Release|Win32.ActiveCfg = Release|Win32
		{8571F121-9025-4232-A6A4-65AB4295D064}.Release|Win32.Build.0 = Release|Win32
		{8571F121-9025-4232-A6A4-65AB4295D064}.Release|x86.ActiveCfg = Release|Win32
		{8571F121-9025-4232-A6A4-65AB4295D064}.Release|x86.Build.0 = Release|Win32
		{F2291379-EA72-42E7-AFDD-341EEF4D815C}.Debug|Any CPU.ActiveCfg = Debug|Win32
		{F2291379-EA72-42E7-AFDD-341EEF4D815C}.Debug|Mixed Platforms.ActiveCfg = Debug|Win32
		{F2291379-EA72-42E7-AFDD-341EEF4D815C}.Debug|Mixed Platforms.Build.0 = Debug|Win32
		{F2291379-EA72-42E7-AFDD-341EEF4D815C}.Debug|Win32.ActiveCfg = Debug|Win32
		{F2291379-EA72-42E7-AFDD-341EEF4D815C}.Debug|Win32.Build.0 = Debug|Win32
		{F2291379-EA72-42E7-AFDD-341EEF4D815C}.Debug|x86.ActiveCfg = Debug|Win32
		{F2291379-EA72-42E7-AFDD-341EEF4D815C}.Debug|x86.Build.0 = Debug|Win32
		{F2291379-EA72-42E7-AFDD-341EEF4D815C}.Release|Any CPU.ActiveCfg = Release|Win32
		{F2291379-EA72-42E7-AFDD-341EEF4D815C}.Release|Mixed Platforms.ActiveCfg = Release|Win32
		{F2291379-EA72-42E7-AFDD-341EEF4D815C}.Release|Mixed Platforms.Build.0 = Release|Win32
		{F2291379-EA72-42E7-AFDD-341EEF4D815C}.Release|Win32.ActiveCfg = Release|Win32
		{F2291379-EA72-42E7-AFDD-341EEF4D815C}.Release|Win32.Build.0 = Release|Win32
		{F2291379-EA72-42E7-AFDD-341EEF4D815C}.Release|x86.ActiveCfg = Release|Win32
		{F2291379-EA72-42E7-AFDD-341EEF4D815C}.Release|x86.Build.0 = Release|Win32
		{E7BC74AB-61A5-45D1-A694-88393A735A12}.Debug|Any CPU.ActiveCfg = Debug|Any CPU
		{E7BC74AB-61A5-45D1-A694-88393A735A12}.Debug|Any CPU.Build.0 = Debug|Any CPU
		{E7BC74AB-61A5-45D1-A694-88393A735A12}.Debug|Mixed Platforms.ActiveCfg = Debug|Any CPU
		{E7BC74AB-61A5-45D1-A694-88393A735A12}.Debug|Mixed Platforms.Build.0 = Debug|Any CPU
		{E7BC74AB-61A5-45D1-A694-88393A735A12}.Debug|Win32.ActiveCfg = Debug|Any CPU
		{E7BC74AB-61A5-45D1-A694-88393A735A12}.Debug|x86.ActiveCfg = Debug|Any CPU
		{E7BC74AB-61A5-45D1-A694-88393A735A12}.Release|Any CPU.ActiveCfg = Release|Any CPU
		{E7BC74AB-61A5-45D1-A694-88393A735A12}.Release|Any CPU.Build.0 = Release|Any CPU
		{E7BC74AB-61A5-45D1-A694-88393A735A12}.Release|Mixed Platforms.ActiveCfg = Release|Any CPU
		{E7BC74AB-61A5-45D1-A694-88393A735A12}.Release|Mixed Platforms.Build.0 = Release|Any CPU
		{E7BC74AB-61A5-45D1-A694-88393A735A12}.Release|Win32.ActiveCfg = Release|Any CPU
		{E7BC74AB-61A5-45D1-A694-88393A735A12}.Release|x86.ActiveCfg = Release|Any CPU
		{405FA775-BB03-434A-AFEE-FD6470732312}.Debug|Any CPU.ActiveCfg = Debug|Any CPU
		{405FA775-BB03-434A-AFEE-FD6470732312}.Debug|Any CPU.Build.0 = Debug|Any CPU
		{405FA775-BB03-434A-AFEE-FD6470732312}.Debug|Mixed Platforms.ActiveCfg = Debug|Any CPU
		{405FA775-BB03-434A-AFEE-FD6470732312}.Debug|Mixed Platforms.Build.0 = Debug|Any CPU
		{405FA775-BB03-434A-AFEE-FD6470732312}.Debug|Win32.ActiveCfg = Debug|Any CPU
		{405FA775-BB03-434A-AFEE-FD6470732312}.Debug|x86.ActiveCfg = Debug|Any CPU
		{405FA775-BB03-434A-AFEE-FD6470732312}.Release|Any CPU.ActiveCfg = Release|Any CPU
		{405FA775-BB03-434A-AFEE-FD6470732312}.Release|Any CPU.Build.0 = Release|Any CPU
		{405FA775-BB03-434A-AFEE-FD6470732312}.Release|Mixed Platforms.ActiveCfg = Release|Any CPU
		{405FA775-BB03-434A-AFEE-FD6470732312}.Release|Mixed Platforms.Build.0 = Release|Any CPU
		{405FA775-BB03-434A-AFEE-FD6470732312}.Release|Win32.ActiveCfg = Release|Any CPU
		{405FA775-BB03-434A-AFEE-FD6470732312}.Release|x86.ActiveCfg = Release|Any CPU
		{70C93900-2211-4523-A9FA-232D9728234D}.Debug|Any CPU.ActiveCfg = Debug|Any CPU
		{70C93900-2211-4523-A9FA-232D9728234D}.Debug|Any CPU.Build.0 = Debug|Any CPU
		{70C93900-2211-4523-A9FA-232D9728234D}.Debug|Mixed Platforms.ActiveCfg = Debug|Any CPU
		{70C93900-2211-4523-A9FA-232D9728234D}.Debug|Mixed Platforms.Build.0 = Debug|Any CPU
		{70C93900-2211-4523-A9FA-232D9728234D}.Debug|Win32.ActiveCfg = Debug|Any CPU
		{70C93900-2211-4523-A9FA-232D9728234D}.Debug|x86.ActiveCfg = Debug|Any CPU
		{70C93900-2211-4523-A9FA-232D9728234D}.Release|Any CPU.ActiveCfg = Release|Any CPU
		{70C93900-2211-4523-A9FA-232D9728234D}.Release|Any CPU.Build.0 = Release|Any CPU
		{70C93900-2211-4523-A9FA-232D9728234D}.Release|Mixed Platforms.ActiveCfg = Release|Any CPU
		{70C93900-2211-4523-A9FA-232D9728234D}.Release|Mixed Platforms.Build.0 = Release|Any CPU
		{70C93900-2211-4523-A9FA-232D9728234D}.Release|Win32.ActiveCfg = Release|Any CPU
		{70C93900-2211-4523-A9FA-232D9728234D}.Release|x86.ActiveCfg = Release|Any CPU
		{A08FBEB1-6EB8-44A4-81E3-14F7224B1385}.Debug|Any CPU.ActiveCfg = Debug|Any CPU
		{A08FBEB1-6EB8-44A4-81E3-14F7224B1385}.Debug|Any CPU.Build.0 = Debug|Any CPU
		{A08FBEB1-6EB8-44A4-81E3-14F7224B1385}.Debug|Mixed Platforms.ActiveCfg = Debug|Any CPU
		{A08FBEB1-6EB8-44A4-81E3-14F7224B1385}.Debug|Mixed Platforms.Build.0 = Debug|Any CPU
		{A08FBEB1-6EB8-44A4-81E3-14F7224B1385}.Debug|Win32.ActiveCfg = Debug|Any CPU
		{A08FBEB1-6EB8-44A4-81E3-14F7224B1385}.Debug|x86.ActiveCfg = Debug|Any CPU
		{A08FBEB1-6EB8-44A4-81E3-14F7224B1385}.Release|Any CPU.ActiveCfg = Release|Any CPU
		{A08FBEB1-6EB8-44A4-81E3-14F7224B1385}.Release|Any CPU.Build.0 = Release|Any CPU
		{A08FBEB1-6EB8-44A4-81E3-14F7224B1385}.Release|Mixed Platforms.ActiveCfg = Release|Any CPU
		{A08FBEB1-6EB8-44A4-81E3-14F7224B1385}.Release|Mixed Platforms.Build.0 = Release|Any CPU
		{A08FBEB1-6EB8-44A4-81E3-14F7224B1385}.Release|Win32.ActiveCfg = Release|Any CPU
		{A08FBEB1-6EB8-44A4-81E3-14F7224B1385}.Release|x86.ActiveCfg = Release|Any CPU
		{7A196035-6593-4FC5-B8D4-C3DE424E78E1}.Debug|Any CPU.ActiveCfg = Debug|Any CPU
		{7A196035-6593-4FC5-B8D4-C3DE424E78E1}.Debug|Any CPU.Build.0 = Debug|Any CPU
		{7A196035-6593-4FC5-B8D4-C3DE424E78E1}.Debug|Mixed Platforms.ActiveCfg = Debug|Any CPU
		{7A196035-6593-4FC5-B8D4-C3DE424E78E1}.Debug|Mixed Platforms.Build.0 = Debug|Any CPU
		{7A196035-6593-4FC5-B8D4-C3DE424E78E1}.Debug|Win32.ActiveCfg = Debug|Any CPU
		{7A196035-6593-4FC5-B8D4-C3DE424E78E1}.Debug|x86.ActiveCfg = Debug|Any CPU
		{7A196035-6593-4FC5-B8D4-C3DE424E78E1}.Release|Any CPU.ActiveCfg = Release|Any CPU
		{7A196035-6593-4FC5-B8D4-C3DE424E78E1}.Release|Any CPU.Build.0 = Release|Any CPU
		{7A196035-6593-4FC5-B8D4-C3DE424E78E1}.Release|Mixed Platforms.ActiveCfg = Release|Any CPU
		{7A196035-6593-4FC5-B8D4-C3DE424E78E1}.Release|Mixed Platforms.Build.0 = Release|Any CPU
		{7A196035-6593-4FC5-B8D4-C3DE424E78E1}.Release|Win32.ActiveCfg = Release|Any CPU
		{7A196035-6593-4FC5-B8D4-C3DE424E78E1}.Release|x86.ActiveCfg = Release|Any CPU
		{D712B240-79C4-4EA9-8D76-864BBC05FE2D}.Debug|Any CPU.ActiveCfg = Debug|Any CPU
		{D712B240-79C4-4EA9-8D76-864BBC05FE2D}.Debug|Any CPU.Build.0 = Debug|Any CPU
		{D712B240-79C4-4EA9-8D76-864BBC05FE2D}.Debug|Mixed Platforms.ActiveCfg = Debug|Any CPU
		{D712B240-79C4-4EA9-8D76-864BBC05FE2D}.Debug|Mixed Platforms.Build.0 = Debug|Any CPU
		{D712B240-79C4-4EA9-8D76-864BBC05FE2D}.Debug|Win32.ActiveCfg = Debug|Any CPU
		{D712B240-79C4-4EA9-8D76-864BBC05FE2D}.Debug|x86.ActiveCfg = Debug|Any CPU
		{D712B240-79C4-4EA9-8D76-864BBC05FE2D}.Release|Any CPU.ActiveCfg = Release|Any CPU
		{D712B240-79C4-4EA9-8D76-864BBC05FE2D}.Release|Any CPU.Build.0 = Release|Any CPU
		{D712B240-79C4-4EA9-8D76-864BBC05FE2D}.Release|Mixed Platforms.ActiveCfg = Release|Any CPU
		{D712B240-79C4-4EA9-8D76-864BBC05FE2D}.Release|Mixed Platforms.Build.0 = Release|Any CPU
		{D712B240-79C4-4EA9-8D76-864BBC05FE2D}.Release|Win32.ActiveCfg = Release|Any CPU
		{D712B240-79C4-4EA9-8D76-864BBC05FE2D}.Release|x86.ActiveCfg = Release|Any CPU
		{01CCEE0A-A2F1-4E28-9DB0-5748157B4401}.Debug|Any CPU.ActiveCfg = Debug|Any CPU
		{01CCEE0A-A2F1-4E28-9DB0-5748157B4401}.Debug|Any CPU.Build.0 = Debug|Any CPU
		{01CCEE0A-A2F1-4E28-9DB0-5748157B4401}.Debug|Mixed Platforms.ActiveCfg = Debug|Any CPU
		{01CCEE0A-A2F1-4E28-9DB0-5748157B4401}.Debug|Mixed Platforms.Build.0 = Debug|Any CPU
		{01CCEE0A-A2F1-4E28-9DB0-5748157B4401}.Debug|Win32.ActiveCfg = Debug|Any CPU
		{01CCEE0A-A2F1-4E28-9DB0-5748157B4401}.Debug|x86.ActiveCfg = Debug|Any CPU
		{01CCEE0A-A2F1-4E28-9DB0-5748157B4401}.Release|Any CPU.ActiveCfg = Release|Any CPU
		{01CCEE0A-A2F1-4E28-9DB0-5748157B4401}.Release|Any CPU.Build.0 = Release|Any CPU
		{01CCEE0A-A2F1-4E28-9DB0-5748157B4401}.Release|Mixed Platforms.ActiveCfg = Release|Any CPU
		{01CCEE0A-A2F1-4E28-9DB0-5748157B4401}.Release|Mixed Platforms.Build.0 = Release|Any CPU
		{01CCEE0A-A2F1-4E28-9DB0-5748157B4401}.Release|Win32.ActiveCfg = Release|Any CPU
		{01CCEE0A-A2F1-4E28-9DB0-5748157B4401}.Release|x86.ActiveCfg = Release|Any CPU
		{85A2D75A-A1E5-4034-B341-66E560D44E54}.Debug|Any CPU.ActiveCfg = Debug|Any CPU
		{85A2D75A-A1E5-4034-B341-66E560D44E54}.Debug|Any CPU.Build.0 = Debug|Any CPU
		{85A2D75A-A1E5-4034-B341-66E560D44E54}.Debug|Mixed Platforms.ActiveCfg = Debug|Any CPU
		{85A2D75A-A1E5-4034-B341-66E560D44E54}.Debug|Mixed Platforms.Build.0 = Debug|Any CPU
		{85A2D75A-A1E5-4034-B341-66E560D44E54}.Debug|Win32.ActiveCfg = Debug|Any CPU
		{85A2D75A-A1E5-4034-B341-66E560D44E54}.Debug|x86.ActiveCfg = Debug|Any CPU
		{85A2D75A-A1E5-4034-B341-66E560D44E54}.Release|Any CPU.ActiveCfg = Release|Any CPU
		{85A2D75A-A1E5-4034-B341-66E560D44E54}.Release|Any CPU.Build.0 = Release|Any CPU
		{85A2D75A-A1E5-4034-B341-66E560D44E54}.Release|Mixed Platforms.ActiveCfg = Release|Any CPU
		{85A2D75A-A1E5-4034-B341-66E560D44E54}.Release|Mixed Platforms.Build.0 = Release|Any CPU
		{85A2D75A-A1E5-4034-B341-66E560D44E54}.Release|Win32.ActiveCfg = Release|Any CPU
		{85A2D75A-A1E5-4034-B341-66E560D44E54}.Release|x86.ActiveCfg = Release|Any CPU
		{B42B3866-BC8D-4CFA-9B8B-C85546A94252}.Debug|Any CPU.ActiveCfg = Debug|Win32
		{B42B3866-BC8D-4CFA-9B8B-C85546A94252}.Debug|Mixed Platforms.ActiveCfg = Debug|Win32
		{B42B3866-BC8D-4CFA-9B8B-C85546A94252}.Debug|Mixed Platforms.Build.0 = Debug|Win32
		{B42B3866-BC8D-4CFA-9B8B-C85546A94252}.Debug|Win32.ActiveCfg = Debug|Win32
		{B42B3866-BC8D-4CFA-9B8B-C85546A94252}.Debug|Win32.Build.0 = Debug|Win32
		{B42B3866-BC8D-4CFA-9B8B-C85546A94252}.Debug|x86.ActiveCfg = Debug|Win32
		{B42B3866-BC8D-4CFA-9B8B-C85546A94252}.Debug|x86.Build.0 = Debug|Win32
		{B42B3866-BC8D-4CFA-9B8B-C85546A94252}.Release|Any CPU.ActiveCfg = Release|Win32
		{B42B3866-BC8D-4CFA-9B8B-C85546A94252}.Release|Mixed Platforms.ActiveCfg = Release|Win32
		{B42B3866-BC8D-4CFA-9B8B-C85546A94252}.Release|Mixed Platforms.Build.0 = Release|Win32
		{B42B3866-BC8D-4CFA-9B8B-C85546A94252}.Release|Win32.ActiveCfg = Release|Win32
		{B42B3866-BC8D-4CFA-9B8B-C85546A94252}.Release|Win32.Build.0 = Release|Win32
		{B42B3866-BC8D-4CFA-9B8B-C85546A94252}.Release|x86.ActiveCfg = Release|Win32
		{B42B3866-BC8D-4CFA-9B8B-C85546A94252}.Release|x86.Build.0 = Release|Win32
		{B04D32C0-2772-48C3-89A1-5B36F5FC0999}.Debug|Any CPU.ActiveCfg = Debug|Any CPU
		{B04D32C0-2772-48C3-89A1-5B36F5FC0999}.Debug|Any CPU.Build.0 = Debug|Any CPU
		{B04D32C0-2772-48C3-89A1-5B36F5FC0999}.Debug|Mixed Platforms.ActiveCfg = Debug|Any CPU
		{B04D32C0-2772-48C3-89A1-5B36F5FC0999}.Debug|Mixed Platforms.Build.0 = Debug|Any CPU
		{B04D32C0-2772-48C3-89A1-5B36F5FC0999}.Debug|Win32.ActiveCfg = Debug|Any CPU
		{B04D32C0-2772-48C3-89A1-5B36F5FC0999}.Debug|x86.ActiveCfg = Debug|Any CPU
		{B04D32C0-2772-48C3-89A1-5B36F5FC0999}.Release|Any CPU.ActiveCfg = Release|Any CPU
		{B04D32C0-2772-48C3-89A1-5B36F5FC0999}.Release|Any CPU.Build.0 = Release|Any CPU
		{B04D32C0-2772-48C3-89A1-5B36F5FC0999}.Release|Mixed Platforms.ActiveCfg = Release|Any CPU
		{B04D32C0-2772-48C3-89A1-5B36F5FC0999}.Release|Mixed Platforms.Build.0 = Release|Any CPU
		{B04D32C0-2772-48C3-89A1-5B36F5FC0999}.Release|Win32.ActiveCfg = Release|Any CPU
		{B04D32C0-2772-48C3-89A1-5B36F5FC0999}.Release|x86.ActiveCfg = Release|Any CPU
		{F0F879D2-8C8C-4ABE-A9BB-8E0EF8C6FECC}.Debug|Any CPU.ActiveCfg = Debug|Any CPU
		{F0F879D2-8C8C-4ABE-A9BB-8E0EF8C6FECC}.Debug|Any CPU.Build.0 = Debug|Any CPU
		{F0F879D2-8C8C-4ABE-A9BB-8E0EF8C6FECC}.Debug|Mixed Platforms.ActiveCfg = Debug|Any CPU
		{F0F879D2-8C8C-4ABE-A9BB-8E0EF8C6FECC}.Debug|Mixed Platforms.Build.0 = Debug|Any CPU
		{F0F879D2-8C8C-4ABE-A9BB-8E0EF8C6FECC}.Debug|Win32.ActiveCfg = Debug|Any CPU
		{F0F879D2-8C8C-4ABE-A9BB-8E0EF8C6FECC}.Debug|x86.ActiveCfg = Debug|Any CPU
		{F0F879D2-8C8C-4ABE-A9BB-8E0EF8C6FECC}.Release|Any CPU.ActiveCfg = Release|Any CPU
		{F0F879D2-8C8C-4ABE-A9BB-8E0EF8C6FECC}.Release|Any CPU.Build.0 = Release|Any CPU
		{F0F879D2-8C8C-4ABE-A9BB-8E0EF8C6FECC}.Release|Mixed Platforms.ActiveCfg = Release|Any CPU
		{F0F879D2-8C8C-4ABE-A9BB-8E0EF8C6FECC}.Release|Mixed Platforms.Build.0 = Release|Any CPU
		{F0F879D2-8C8C-4ABE-A9BB-8E0EF8C6FECC}.Release|Win32.ActiveCfg = Release|Any CPU
		{F0F879D2-8C8C-4ABE-A9BB-8E0EF8C6FECC}.Release|x86.ActiveCfg = Release|Any CPU
		{39E32356-109A-45C1-BC1A-1DBA20E14A41}.Debug|Any CPU.ActiveCfg = Debug|Any CPU
		{39E32356-109A-45C1-BC1A-1DBA20E14A41}.Debug|Any CPU.Build.0 = Debug|Any CPU
		{39E32356-109A-45C1-BC1A-1DBA20E14A41}.Debug|Mixed Platforms.ActiveCfg = Debug|Any CPU
		{39E32356-109A-45C1-BC1A-1DBA20E14A41}.Debug|Mixed Platforms.Build.0 = Debug|Any CPU
		{39E32356-109A-45C1-BC1A-1DBA20E14A41}.Debug|Win32.ActiveCfg = Debug|Any CPU
		{39E32356-109A-45C1-BC1A-1DBA20E14A41}.Debug|x86.ActiveCfg = Debug|Any CPU
		{39E32356-109A-45C1-BC1A-1DBA20E14A41}.Release|Any CPU.ActiveCfg = Release|Any CPU
		{39E32356-109A-45C1-BC1A-1DBA20E14A41}.Release|Any CPU.Build.0 = Release|Any CPU
		{39E32356-109A-45C1-BC1A-1DBA20E14A41}.Release|Mixed Platforms.ActiveCfg = Release|Any CPU
		{39E32356-109A-45C1-BC1A-1DBA20E14A41}.Release|Mixed Platforms.Build.0 = Release|Any CPU
		{39E32356-109A-45C1-BC1A-1DBA20E14A41}.Release|Win32.ActiveCfg = Release|Any CPU
		{39E32356-109A-45C1-BC1A-1DBA20E14A41}.Release|x86.ActiveCfg = Release|Any CPU
		{811A4C3E-B4E8-47EC-B784-F3C0254C3808}.Debug|Any CPU.ActiveCfg = Debug|Any CPU
		{811A4C3E-B4E8-47EC-B784-F3C0254C3808}.Debug|Any CPU.Build.0 = Debug|Any CPU
		{811A4C3E-B4E8-47EC-B784-F3C0254C3808}.Debug|Mixed Platforms.ActiveCfg = Debug|Any CPU
		{811A4C3E-B4E8-47EC-B784-F3C0254C3808}.Debug|Mixed Platforms.Build.0 = Debug|Any CPU
		{811A4C3E-B4E8-47EC-B784-F3C0254C3808}.Debug|Win32.ActiveCfg = Debug|Any CPU
		{811A4C3E-B4E8-47EC-B784-F3C0254C3808}.Debug|x86.ActiveCfg = Debug|Any CPU
		{811A4C3E-B4E8-47EC-B784-F3C0254C3808}.Release|Any CPU.ActiveCfg = Release|Any CPU
		{811A4C3E-B4E8-47EC-B784-F3C0254C3808}.Release|Any CPU.Build.0 = Release|Any CPU
		{811A4C3E-B4E8-47EC-B784-F3C0254C3808}.Release|Mixed Platforms.ActiveCfg = Release|Any CPU
		{811A4C3E-B4E8-47EC-B784-F3C0254C3808}.Release|Mixed Platforms.Build.0 = Release|Any CPU
		{811A4C3E-B4E8-47EC-B784-F3C0254C3808}.Release|Win32.ActiveCfg = Release|Any CPU
		{811A4C3E-B4E8-47EC-B784-F3C0254C3808}.Release|x86.ActiveCfg = Release|Any CPU
		{BDACA4BC-90C9-4E70-A452-1ED41AD02C8F}.Debug|Any CPU.ActiveCfg = Debug|Any CPU
		{BDACA4BC-90C9-4E70-A452-1ED41AD02C8F}.Debug|Any CPU.Build.0 = Debug|Any CPU
		{BDACA4BC-90C9-4E70-A452-1ED41AD02C8F}.Debug|Mixed Platforms.ActiveCfg = Debug|Any CPU
		{BDACA4BC-90C9-4E70-A452-1ED41AD02C8F}.Debug|Mixed Platforms.Build.0 = Debug|Any CPU
		{BDACA4BC-90C9-4E70-A452-1ED41AD02C8F}.Debug|Win32.ActiveCfg = Debug|Any CPU
		{BDACA4BC-90C9-4E70-A452-1ED41AD02C8F}.Debug|x86.ActiveCfg = Debug|Any CPU
		{BDACA4BC-90C9-4E70-A452-1ED41AD02C8F}.Release|Any CPU.ActiveCfg = Release|Any CPU
		{BDACA4BC-90C9-4E70-A452-1ED41AD02C8F}.Release|Any CPU.Build.0 = Release|Any CPU
		{BDACA4BC-90C9-4E70-A452-1ED41AD02C8F}.Release|Mixed Platforms.ActiveCfg = Release|Any CPU
		{BDACA4BC-90C9-4E70-A452-1ED41AD02C8F}.Release|Mixed Platforms.Build.0 = Release|Any CPU
		{BDACA4BC-90C9-4E70-A452-1ED41AD02C8F}.Release|Win32.ActiveCfg = Release|Any CPU
		{BDACA4BC-90C9-4E70-A452-1ED41AD02C8F}.Release|x86.ActiveCfg = Release|Any CPU
		{DD302DE2-4DE8-45DA-B50C-45B82F9BAEF4}.Debug|Any CPU.ActiveCfg = Debug|Any CPU
		{DD302DE2-4DE8-45DA-B50C-45B82F9BAEF4}.Debug|Any CPU.Build.0 = Debug|Any CPU
		{DD302DE2-4DE8-45DA-B50C-45B82F9BAEF4}.Debug|Mixed Platforms.ActiveCfg = Debug|Any CPU
		{DD302DE2-4DE8-45DA-B50C-45B82F9BAEF4}.Debug|Mixed Platforms.Build.0 = Debug|Any CPU
		{DD302DE2-4DE8-45DA-B50C-45B82F9BAEF4}.Debug|Win32.ActiveCfg = Debug|Any CPU
		{DD302DE2-4DE8-45DA-B50C-45B82F9BAEF4}.Debug|x86.ActiveCfg = Debug|Any CPU
		{DD302DE2-4DE8-45DA-B50C-45B82F9BAEF4}.Release|Any CPU.ActiveCfg = Release|Any CPU
		{DD302DE2-4DE8-45DA-B50C-45B82F9BAEF4}.Release|Any CPU.Build.0 = Release|Any CPU
		{DD302DE2-4DE8-45DA-B50C-45B82F9BAEF4}.Release|Mixed Platforms.ActiveCfg = Release|Any CPU
		{DD302DE2-4DE8-45DA-B50C-45B82F9BAEF4}.Release|Mixed Platforms.Build.0 = Release|Any CPU
		{DD302DE2-4DE8-45DA-B50C-45B82F9BAEF4}.Release|Win32.ActiveCfg = Release|Any CPU
		{DD302DE2-4DE8-45DA-B50C-45B82F9BAEF4}.Release|x86.ActiveCfg = Release|Any CPU
	EndGlobalSection
	GlobalSection(SolutionProperties) = preSolution
		HideSolutionNode = FALSE
	EndGlobalSection
	GlobalSection(NestedProjects) = preSolution
		{588DDB2C-9216-4218-B0CA-008ED820536E} = {1386584B-F9BB-4929-BFBC-FF1B4A229DFB}
		{43E12594-B08D-485B-BA7F-897EAB58D089} = {1386584B-F9BB-4929-BFBC-FF1B4A229DFB}
		{7C13FE69-5FBD-413B-8F58-BE7AEEC8F9D8} = {1386584B-F9BB-4929-BFBC-FF1B4A229DFB}
		{E3529A3A-EF9C-4423-A051-C89101E9DC19} = {1386584B-F9BB-4929-BFBC-FF1B4A229DFB}
		{F5D898DC-1728-4BE9-994C-2EB3F93D8EF3} = {1386584B-F9BB-4929-BFBC-FF1B4A229DFB}
		{9EA135C0-D827-4DBB-902E-6C21877D87E4} = {23D5EFCC-A0F1-401C-B78B-1E81E2AFFBAE}
		{B350FF8D-E743-4FCE-9970-C86CEC0E1546} = {23D5EFCC-A0F1-401C-B78B-1E81E2AFFBAE}
		{DD1EE3E8-1359-4273-937B-E3CEC613C3B5} = {23D5EFCC-A0F1-401C-B78B-1E81E2AFFBAE}
		{AB7E3B20-8A58-4587-83B5-F8C33E768B6F} = {23D5EFCC-A0F1-401C-B78B-1E81E2AFFBAE}
		{9EFF99DC-24BF-478B-B16B-5311414FF5B8} = {23D5EFCC-A0F1-401C-B78B-1E81E2AFFBAE}
		{72068327-586E-4E9C-B1A3-FE93D1D76B12} = {7C13FE69-5FBD-413B-8F58-BE7AEEC8F9D8}
		{71A3894D-E512-4AA1-A9B9-2FEFA1C01ED1} = {7C13FE69-5FBD-413B-8F58-BE7AEEC8F9D8}
		{BE5047E6-5E7E-470C-8EC3-C64225D086F6} = {7C13FE69-5FBD-413B-8F58-BE7AEEC8F9D8}
		{211F59B9-82E7-49BB-9E18-0F29DF6049F4} = {0BB32F28-17DB-497F-A333-4657FC729F53}
		{F2D967E9-BDAD-463A-AD9C-A5E39EE65498} = {0BB32F28-17DB-497F-A333-4657FC729F53}
		{D0BE9340-6527-473C-8E1D-2A8C4C8E637B} = {0BB32F28-17DB-497F-A333-4657FC729F53}
		{8571F121-9025-4232-A6A4-65AB4295D064} = {9EFF99DC-24BF-478B-B16B-5311414FF5B8}
		{F2291379-EA72-42E7-AFDD-341EEF4D815C} = {9EFF99DC-24BF-478B-B16B-5311414FF5B8}
		{A08FBEB1-6EB8-44A4-81E3-14F7224B1385} = {A68BBDDF-D20F-4BDE-8774-CE58009F5577}
		{7A196035-6593-4FC5-B8D4-C3DE424E78E1} = {A68BBDDF-D20F-4BDE-8774-CE58009F5577}
		{D712B240-79C4-4EA9-8D76-864BBC05FE2D} = {A68BBDDF-D20F-4BDE-8774-CE58009F5577}
		{01CCEE0A-A2F1-4E28-9DB0-5748157B4401} = {A68BBDDF-D20F-4BDE-8774-CE58009F5577}
		{85A2D75A-A1E5-4034-B341-66E560D44E54} = {A68BBDDF-D20F-4BDE-8774-CE58009F5577}
		{B42B3866-BC8D-4CFA-9B8B-C85546A94252} = {0F6CA474-3A17-49C6-AD2B-57E7FB1532D7}
		{39E32356-109A-45C1-BC1A-1DBA20E14A41} = {0F6CA474-3A17-49C6-AD2B-57E7FB1532D7}
		{811A4C3E-B4E8-47EC-B784-F3C0254C3808} = {0F6CA474-3A17-49C6-AD2B-57E7FB1532D7}
		{B04D32C0-2772-48C3-89A1-5B36F5FC0999} = {F5D898DC-1728-4BE9-994C-2EB3F93D8EF3}
		{F0F879D2-8C8C-4ABE-A9BB-8E0EF8C6FECC} = {F5D898DC-1728-4BE9-994C-2EB3F93D8EF3}
	EndGlobalSection
EndGlobal
